{"SurveyEntry":{"SurveyID":"SV_cNocVyyfuBe6aI5","SurveyName":"Social Media and Politics Demographics - Crockett Lab, 2020","SurveyDescription":null,"SurveyOwnerID":"UR_88IfozUDDazalXT","SurveyBrandID":"yalesurvey","DivisionID":null,"SurveyLanguage":"EN","SurveyActiveResponseSet":"RS_1FUBq8j7upO2inr","SurveyStatus":"Inactive","SurveyStartDate":"0000-00-00 00:00:00","SurveyExpirationDate":"0000-00-00 00:00:00","SurveyCreationDate":"2020-02-10 07:50:10","CreatorID":"UR_88IfozUDDazalXT","LastModified":"2020-02-10 07:50:10","LastAccessed":"0000-00-00 00:00:00","LastActivated":"0000-00-00 00:00:00","Deleted":null},"SurveyElements":[{"SurveyID":"SV_cNocVyyfuBe6aI5","Element":"BL","PrimaryAttribute":"Survey Blocks","SecondaryAttribute":null,"TertiaryAttribute":null,"Payload":{"1":{"Type":"Trash","Description":"Trash \/ Unused Questions","ID":"BL_bpFHqamhU6tzDQp","BlockElements":[]},"3":{"Type":"Standard","Description":"Politics \/ Social media Qs","ID":"BL_77ZdGvlCeixECOx","BlockElements":[{"Type":"Question","QuestionID":"QID178520662"},{"Type":"Question","QuestionID":"QID178520670"},{"Type":"Question","QuestionID":"QID178520679"},{"Type":"Question","QuestionID":"QID178520690"},{"Type":"Page Break"},{"Type":"Question","QuestionID":"QID178520664"},{"Type":"Question","QuestionID":"QID178520665"},{"Type":"Page Break"},{"Type":"Question","QuestionID":"QID178520667"},{"Type":"Question","QuestionID":"QID178520668"},{"Type":"Page Break"},{"Type":"Question","QuestionID":"QID178520675"},{"Type":"Question","QuestionID":"QID178520683"},{"Type":"Question","QuestionID":"QID178520674"},{"Type":"Question","QuestionID":"QID178520684"},{"Type":"Page Break"},{"Type":"Question","QuestionID":"QID178520677"},{"Type":"Question","QuestionID":"QID178520685"},{"Type":"Question","QuestionID":"QID178520676"},{"Type":"Question","QuestionID":"QID178520686"},{"Type":"Question","QuestionID":"QID178520678"},{"Type":"Question","QuestionID":"QID178520687"},{"Type":"Question","QuestionID":"QID178520680"},{"Type":"Question","QuestionID":"QID178520688"},{"Type":"Page Break"},{"Type":"Question","QuestionID":"QID178520681"},{"Type":"Question","QuestionID":"QID178520689"},{"Type":"Question","QuestionID":"QID178520682"},{"Type":"Question","QuestionID":"QID178520691"},{"Type":"Page Break"},{"Type":"Question","QuestionID":"QID178520696"},{"Type":"Question","QuestionID":"QID178520693"},{"Type":"Question","QuestionID":"QID178520694"},{"Type":"Page Break"},{"Type":"Question","QuestionID":"QID178520697"},{"Type":"Question","QuestionID":"QID178520669"},{"Type":"Page Break"},{"Type":"Question","QuestionID":"QID178520671"},{"Type":"Question","QuestionID":"QID178520695"},{"Type":"Page Break"},{"Type":"Question","QuestionID":"QID178520672"},{"Type":"Question","QuestionID":"QID178520673"},{"Type":"Page Break"},{"Type":"Question","QuestionID":"QID178520663"},{"Type":"Page Break"},{"Type":"Question","QuestionID":"QID178520666"},{"Type":"Question","QuestionID":"QID178520692"}],"Options":{"BlockLocking":false,"RandomizeQuestions":"false","BlockVisibility":"Expanded"}}}},{"SurveyID":"SV_cNocVyyfuBe6aI5","Element":"FL","PrimaryAttribute":"Survey Flow","SecondaryAttribute":null,"TertiaryAttribute":null,"Payload":{"Flow":[{"ID":"BL_77ZdGvlCeixECOx","Type":"Block","FlowID":"FL_178520699"}],"Properties":{"Count":2},"FlowID":"FL_178520698","Type":"Root"}},{"SurveyID":"SV_cNocVyyfuBe6aI5","Element":"RS","PrimaryAttribute":"RS_1FUBq8j7upO2inr","SecondaryAttribute":null,"TertiaryAttribute":null,"Payload":null},{"SurveyID":"SV_cNocVyyfuBe6aI5","Element":"SO","PrimaryAttribute":"Survey Options","SecondaryAttribute":null,"TertiaryAttribute":null,"Payload":{"BackButton":"false","SaveAndContinue":"true","SurveyProtection":"PublicSurvey","BallotBoxStuffingPrevention":"false","NoIndex":"Yes","SecureResponseFiles":"true","SurveyExpiration":"None","SurveyTermination":"DefaultMessage","Header":"","Footer":"","ProgressBarDisplay":"None","PartialData":"+1 week","ValidationMessage":"","PreviousButton":" \u2190 ","NextButton":" \u2192 ","SkinLibrary":"yalesurvey","SkinType":"MQ","Skin":"yalesurvey4_new","NewScoring":1,"SurveyName":null,"SurveyTitle":"Online Survey Software | Qualtrics Survey Solutions"}},{"SurveyID":"SV_cNocVyyfuBe6aI5","Element":"SCO","PrimaryAttribute":"Scoring","SecondaryAttribute":null,"TertiaryAttribute":null,"Payload":{"ScoringCategories":[{"ID":"SC_0GL7DRyjnFhoIUl","Name":"Score","Description":""}],"ScoringCategoryGroups":[],"DefaultScoringCategory":"SC_0GL7DRyjnFhoIUl","ScoringSummaryCategory":null,"ScoringSummaryAfterQuestions":0,"ScoringSummaryAfterSurvey":0,"AutoScoringCategory":null}},{"SurveyID":"SV_cNocVyyfuBe6aI5","Element":"PROJ","PrimaryAttribute":"CORE","SecondaryAttribute":null,"TertiaryAttribute":"1.1.0","Payload":{"ProjectCategory":"CORE","SchemaVersion":"1.1.0"}},{"SurveyID":"SV_cNocVyyfuBe6aI5","Element":"STAT","PrimaryAttribute":"Survey Statistics","SecondaryAttribute":null,"TertiaryAttribute":null,"Payload":{"MobileCompatible":true,"ID":"Survey Statistics"}},{"SurveyID":"SV_cNocVyyfuBe6aI5","Element":"QC","PrimaryAttribute":"Survey Question Count","SecondaryAttribute":"41","TertiaryAttribute":null,"Payload":null},{"SurveyID":"SV_cNocVyyfuBe6aI5","Element":"SQ","PrimaryAttribute":"QID178520677","SecondaryAttribute":"Based on the scenarios below, please indicate whether your feelings would depend on the party aff...","TertiaryAttribute":null,"Payload":{"QuestionText":"Based on the scenarios below, please indicate whether your feelings would depend on the party affiliation of the politician:","DefaultChoices":false,"DataExportTag":"schaden1R","QuestionType":"SBS","Selector":"SBSMatrix","Configuration":{"QuestionDescriptionOption":"UseText","RepeatHeaders":"none"},"QuestionDescription":"Based on the scenarios below, please indicate whether your feelings would depend on the party aff...","Choices":{"1":{"Display":"If you heard a politician had died of cancer."},"2":{"Display":"If you heard a politician had been murdered."}},"DisplayLogic":{"0":{"0":{"LogicType":"Question","QuestionID":"QID178520662","QuestionIsInLoop":"no","ChoiceLocator":"q:\/\/QID178520662\/SelectableChoice\/2","Operator":"Selected","QuestionIDFromLocator":"QID178520662","LeftOperand":"q:\/\/QID178520662\/SelectableChoice\/2","Type":"Expression","Description":"<span class=\"ConjDesc\">If<\/span> <span class=\"QuestionDesc\">Politically speaking, do you consider yourself:<\/span> <span class=\"LeftOpDesc\">A Republican<\/span> <span class=\"OpDesc\">Is Selected<\/span> "},"Type":"If"},"Type":"BooleanExpression","inPage":false},"ChoiceOrder":[1,2],"Validation":{"Settings":{"ForceResponse":"ON","ForceResponseType":"ON","Type":"None"}},"GradingData":[],"Language":[],"NextChoiceId":3,"NextAnswerId":2,"NumberOfQuestions":1,"AdditionalQuestions":{"1":{"Answers":{"1":{"Display":"Feel Worse if Democrat"},"2":{"Display":"No Difference"},"3":{"Display":"Feel Worse if Republican"}},"QuestionText":"","RecodeValues":[],"VariableNaming":[],"AnalyzeChoices":[],"QuestionType":"Matrix","Selector":"Likert","SubSelector":"SingleAnswer","ChoiceColumnWidthPixels":null,"DataExportTag":"schaden1R#1","QuestionID":"QID178520677#1","Choices":{"1":{"Display":"If you heard a politician had died of cancer."},"2":{"Display":"If you heard a politician had been murdered."}},"ChoiceDataExportTags":false,"Validation":{"Settings":{"ForceResponse":"ON"}},"QuestionDescription":"","Configuration":{"QuestionDescriptionOption":"UseText"}}},"ChoiceDataExportTags":false,"DataVisibility":{"Private":false,"Hidden":false},"QuestionText_Unsafe":"Based on the scenarios below, please indicate whether your feelings would depend on the party affiliation of the politician:","QuestionID":"QID178520677"}},{"SurveyID":"SV_cNocVyyfuBe6aI5","Element":"SQ","PrimaryAttribute":"QID178520685","SecondaryAttribute":"Based on the scenarios below, please indicate whether your feelings would depend on the party aff...","TertiaryAttribute":null,"Payload":{"QuestionText":"Based on the scenarios below, please indicate whether your feelings would depend on the party affiliation of the politician:","DefaultChoices":false,"DataExportTag":"shaden1D","QuestionType":"SBS","Selector":"SBSMatrix","DataVisibility":{"Private":false,"Hidden":false},"Configuration":{"QuestionDescriptionOption":"UseText","RepeatHeaders":"none"},"QuestionDescription":"Based on the scenarios below, please indicate whether your feelings would depend on the party aff...","Choices":{"1":{"Display":"If you heard a politician had died of cancer."},"2":{"Display":"If you heard a politician had been murdered."}},"DisplayLogic":{"0":{"0":{"LogicType":"Question","QuestionID":"QID178520662","QuestionIsInLoop":"no","ChoiceLocator":"q:\/\/QID178520662\/SelectableChoice\/1","Operator":"Selected","QuestionIDFromLocator":"QID178520662","LeftOperand":"q:\/\/QID178520662\/SelectableChoice\/1","Type":"Expression","Description":"<span class=\"ConjDesc\">If<\/span> <span class=\"QuestionDesc\">Politically speaking, do you consider yourself:<\/span> <span class=\"LeftOpDesc\">A Democrat<\/span> <span class=\"OpDesc\">Is Selected<\/span> "},"Type":"If"},"Type":"BooleanExpression","inPage":false},"ChoiceOrder":[1,2],"Validation":{"Settings":{"ForceResponse":"ON","ForceResponseType":"ON","Type":"None"}},"GradingData":[],"Language":[],"NextChoiceId":3,"NextAnswerId":2,"NumberOfQuestions":1,"AdditionalQuestions":{"1":{"Answers":{"1":{"Display":"Feel Worse if Republican"},"2":{"Display":"No Difference"},"3":{"Display":"Feel Worse if Democrat"}},"QuestionText":"","RecodeValues":[],"VariableNaming":[],"AnalyzeChoices":[],"QuestionType":"Matrix","Selector":"Likert","SubSelector":"SingleAnswer","ChoiceColumnWidthPixels":null,"DataExportTag":"shaden1D#1","QuestionID":"QID178520685#1","Choices":{"1":{"Display":"If you heard a politician had died of cancer."},"2":{"Display":"If you heard a politician had been murdered."}},"ChoiceDataExportTags":false,"Validation":{"Settings":{"ForceResponse":"ON"}},"QuestionDescription":"","Configuration":{"QuestionDescriptionOption":"UseText"}}},"ChoiceDataExportTags":false,"QuestionText_Unsafe":"Based on the scenarios below, please indicate whether your feelings would depend on the party affiliation of the politician:","QuestionID":"QID178520685"}},{"SurveyID":"SV_cNocVyyfuBe6aI5","Element":"SQ","PrimaryAttribute":"QID178520679","SecondaryAttribute":"Consider the following statement and rate how much you agree:\"I identify with Democrats\"","TertiaryAttribute":null,"Payload":{"QuestionText":"Consider the following statement and rate how much you agree:<br><br><span style=\"font-weight: 700;\">\"I identify with Democrats\"<\/span>","DataExportTag":"identity_Dem","QuestionType":"MC","Selector":"SAHR","SubSelector":"TX","DataVisibility":{"Private":false,"Hidden":false},"Configuration":{"QuestionDescriptionOption":"UseText","LabelPosition":"BELOW"},"QuestionDescription":"Consider the following statement and rate how much you agree:\"I identify with Democrats\"","Choices":{"1":{"Display":"Full Disagree"},"2":{"Display":"&nbsp;"},"3":{"Display":"&nbsp;"},"4":{"Display":"&nbsp;"},"5":{"Display":"&nbsp;"},"6":{"Display":"&nbsp;"},"7":{"Display":"Fully Agree"}},"ChoiceOrder":[1,2,3,4,5,6,7],"Validation":{"Settings":{"ForceResponse":"ON","ForceResponseType":"ON","Type":"None"}},"RecodeValues":{"1":"1","2":"2","3":"3","4":"4","5":"5","6":"6","7":"7"},"Language":[],"NextChoiceId":8,"NextAnswerId":1,"DisplayLogic":{"0":{"0":{"LogicType":"Question","QuestionID":"QID178520662","QuestionIsInLoop":"no","ChoiceLocator":"q:\/\/QID178520662\/SelectableChoice\/1","Operator":"Selected","QuestionIDFromLocator":"QID178520662","LeftOperand":"q:\/\/QID178520662\/SelectableChoice\/1","Type":"Expression","Description":"<span class=\"ConjDesc\">If<\/span> <span class=\"QuestionDesc\">Politically speaking, do you consider yourself:<\/span> <span class=\"LeftOpDesc\">A Democrat<\/span> <span class=\"OpDesc\">Is Selected<\/span> "},"Type":"If"},"Type":"BooleanExpression","inPage":false},"QuestionText_Unsafe":"Consider the following statement and rate how much you agree:<br><br><span style=\"font-weight: 700;\">\"I identify with Democrats\"<\/span>","QuestionID":"QID178520679"}},{"SurveyID":"SV_cNocVyyfuBe6aI5","Element":"SQ","PrimaryAttribute":"QID178520690","SecondaryAttribute":"Consider the following statement and rate how much you agree:\"I identify with Republicans\"","TertiaryAttribute":null,"Payload":{"QuestionText":"Consider the following statement and rate how much you agree:<br><br><span style=\"font-weight: 700;\">\"I identify with Republicans\"<\/span>","DataExportTag":"identity_rep","QuestionType":"MC","Selector":"SAHR","SubSelector":"TX","DataVisibility":{"Private":false,"Hidden":false},"Configuration":{"QuestionDescriptionOption":"UseText","LabelPosition":"BELOW"},"QuestionDescription":"Consider the following statement and rate how much you agree:\"I identify with Republicans\"","Choices":{"1":{"Display":"Full Disagree"},"2":{"Display":"&nbsp;"},"3":{"Display":"&nbsp;"},"4":{"Display":"&nbsp;"},"5":{"Display":"&nbsp;"},"6":{"Display":"&nbsp;"},"7":{"Display":"Fully Agree"}},"ChoiceOrder":[1,2,3,4,5,6,7],"Validation":{"Settings":{"ForceResponse":"ON","ForceResponseType":"ON","Type":"None"}},"RecodeValues":{"1":"1","2":"2","3":"3","4":"4","5":"5","6":"6","7":"7"},"Language":[],"NextChoiceId":8,"NextAnswerId":1,"DisplayLogic":{"0":{"0":{"LogicType":"Question","QuestionID":"QID178520662","QuestionIsInLoop":"no","ChoiceLocator":"q:\/\/QID178520662\/SelectableChoice\/2","Operator":"Selected","QuestionIDFromLocator":"QID178520662","LeftOperand":"q:\/\/QID178520662\/SelectableChoice\/2","Type":"Expression","Description":"<span class=\"ConjDesc\">If<\/span> <span class=\"QuestionDesc\">Politically speaking, do you consider yourself:<\/span> <span class=\"LeftOpDesc\">A Republican<\/span> <span class=\"OpDesc\">Is Selected<\/span> "},"Type":"If"},"Type":"BooleanExpression","inPage":false},"QuestionText_Unsafe":"Consider the following statement and rate how much you agree:<br><br><span style=\"font-weight: 700;\">\"I identify with Republicans\"<\/span>","QuestionID":"QID178520690"}},{"SurveyID":"SV_cNocVyyfuBe6aI5","Element":"SQ","PrimaryAttribute":"QID178520693","SecondaryAttribute":"Did you vote in the 2016 United States Presidential election?","TertiaryAttribute":null,"Payload":{"QuestionText":"Did you vote in the 2016 United States Presidential election?","DataExportTag":"vote2016","QuestionType":"MC","Selector":"SAVR","SubSelector":"TX","DataVisibility":{"Private":false,"Hidden":false},"Configuration":{"QuestionDescriptionOption":"UseText"},"QuestionDescription":"Did you vote in the 2016 United States Presidential election?","Choices":{"1":{"Display":"Yes"},"2":{"Display":"No"}},"ChoiceOrder":[1,2],"Validation":{"Settings":{"ForceResponse":"ON","ForceResponseType":"ON","Type":"None"}},"RecodeValues":{"1":1,"2":2},"Language":[],"NextChoiceId":3,"NextAnswerId":1,"QuestionText_Unsafe":"Did you vote in the 2016 United States Presidential election?","QuestionID":"QID178520693"}},{"SurveyID":"SV_cNocVyyfuBe6aI5","Element":"SQ","PrimaryAttribute":"QID178520694","SecondaryAttribute":"Did you vote in the 2018 United States midterm elections?","TertiaryAttribute":null,"Payload":{"QuestionText":"Did you vote in the 2018 United States midterm elections?","DataExportTag":"vote2018","QuestionType":"MC","Selector":"SAVR","SubSelector":"TX","DataVisibility":{"Private":false,"Hidden":false},"Configuration":{"QuestionDescriptionOption":"UseText"},"QuestionDescription":"Did you vote in the 2018 United States midterm elections?","Choices":{"1":{"Display":"Yes"},"2":{"Display":"No"}},"ChoiceOrder":[1,2],"Validation":{"Settings":{"ForceResponse":"ON","ForceResponseType":"ON","Type":"None"}},"RecodeValues":{"1":1,"2":2},"Language":[],"NextChoiceId":3,"NextAnswerId":1,"QuestionText_Unsafe":"Did you vote in the 2018 United States midterm elections?","QuestionID":"QID178520694"}},{"SurveyID":"SV_cNocVyyfuBe6aI5","Element":"SQ","PrimaryAttribute":"QID178520680","SecondaryAttribute":"Do you ever think: we\u2019d be better off as a country if large numbers of Democrats in the public to.","TertiaryAttribute":null,"Payload":{"QuestionText":"Do you ever think: we\u2019d be better off as a country if large numbers of Democrats in the public today just died?","DataExportTag":"shaden4R","QuestionType":"MC","Selector":"SAVR","SubSelector":"TX","DataVisibility":{"Private":false,"Hidden":false},"Configuration":{"QuestionDescriptionOption":"UseText"},"QuestionDescription":"Do you ever think: we\u2019d be better off as a country if large numbers of Democrats in the public to...","Choices":{"1":{"Display":"Strongly Disagree"},"2":{"Display":"Disagree"},"3":{"Display":"Neither Agree Nor Disagree"},"4":{"Display":"Agree"},"5":{"Display":"Strongly Agree"}},"DisplayLogic":{"0":{"0":{"LogicType":"Question","QuestionID":"QID178520662","QuestionIsInLoop":"no","ChoiceLocator":"q:\/\/QID178520662\/SelectableChoice\/2","Operator":"Selected","QuestionIDFromLocator":"QID178520662","LeftOperand":"q:\/\/QID178520662\/SelectableChoice\/2","Type":"Expression","Description":"<span class=\"ConjDesc\">If<\/span> <span class=\"QuestionDesc\">Politically speaking, do you consider yourself:<\/span> <span class=\"LeftOpDesc\">A Republican<\/span> <span class=\"OpDesc\">Is Selected<\/span> "},"Type":"If"},"Type":"BooleanExpression","inPage":false},"ChoiceOrder":[1,2,3,4,5],"Validation":{"Settings":{"ForceResponse":"ON","ForceResponseType":"ON","Type":"None"}},"Language":[],"NextChoiceId":6,"NextAnswerId":1,"QuestionText_Unsafe":"Do you ever think: we\u2019d be better off as a country if large numbers of Democrats in the public today just died?","QuestionID":"QID178520680"}},{"SurveyID":"SV_cNocVyyfuBe6aI5","Element":"SQ","PrimaryAttribute":"QID178520688","SecondaryAttribute":"Do you ever think: we\u2019d be better off as a country if large numbers of Republicans in the public..","TertiaryAttribute":null,"Payload":{"QuestionText":"Do you ever think: we\u2019d be better off as a country if large numbers of Republicans in the public today just died?","DataExportTag":"shaden4D","QuestionType":"MC","Selector":"SAVR","SubSelector":"TX","DataVisibility":{"Private":false,"Hidden":false},"Configuration":{"QuestionDescriptionOption":"UseText"},"QuestionDescription":"Do you ever think: we\u2019d be better off as a country if large numbers of Republicans in the public...","Choices":{"1":{"Display":"Strongly Disagree"},"2":{"Display":"Disagree"},"3":{"Display":"Neither Agree Nor Disagree"},"4":{"Display":"Agree"},"5":{"Display":"Strongly Agree"}},"DisplayLogic":{"0":{"0":{"LogicType":"Question","QuestionID":"QID178520662","QuestionIsInLoop":"no","ChoiceLocator":"q:\/\/QID178520662\/SelectableChoice\/1","Operator":"Selected","QuestionIDFromLocator":"QID178520662","LeftOperand":"q:\/\/QID178520662\/SelectableChoice\/1","Type":"Expression","Description":"<span class=\"ConjDesc\">If<\/span> <span class=\"QuestionDesc\">Politically speaking, do you consider yourself:<\/span> <span class=\"LeftOpDesc\">A Democrat<\/span> <span class=\"OpDesc\">Is Selected<\/span> "},"Type":"If"},"Type":"BooleanExpression","inPage":false},"ChoiceOrder":[1,2,3,4,5],"Validation":{"Settings":{"ForceResponse":"ON","ForceResponseType":"ON","Type":"None"}},"Language":[],"NextChoiceId":6,"NextAnswerId":1,"QuestionText_Unsafe":"Do you ever think: we\u2019d be better off as a country if large numbers of Republicans in the public today just died?","QuestionID":"QID178520688"}},{"SurveyID":"SV_cNocVyyfuBe6aI5","Element":"SQ","PrimaryAttribute":"QID178520696","SecondaryAttribute":"Generally speaking, how closely do you follow politics?","TertiaryAttribute":null,"Payload":{"QuestionText":"Generally speaking, how closely do you follow politics?","DataExportTag":"politics_follow","QuestionType":"MC","Selector":"SAHR","SubSelector":"TX","DataVisibility":{"Private":false,"Hidden":false},"Configuration":{"QuestionDescriptionOption":"UseText","LabelPosition":"BELOW"},"QuestionDescription":"Generally speaking, how closely do you follow politics?","Choices":{"1":{"Display":"Not closely at all"},"2":{"Display":"&nbsp;"},"3":{"Display":"&nbsp;"},"4":{"Display":"Moderately closely"},"5":{"Display":"&nbsp;"},"6":{"Display":"&nbsp;"},"7":{"Display":"Very Closely"}},"ChoiceOrder":[1,2,3,4,5,6,7],"Validation":{"Settings":{"ForceResponse":"ON","ForceResponseType":"ON","Type":"None"}},"Language":[],"NextChoiceId":8,"NextAnswerId":1,"QuestionText_Unsafe":"Generally speaking, how closely do you follow politics?","QuestionID":"QID178520696"}},{"SurveyID":"SV_cNocVyyfuBe6aI5","Element":"SQ","PrimaryAttribute":"QID178520672","SecondaryAttribute":"How often do you use social media specifically to post or share\u00a0about political content?","TertiaryAttribute":null,"Payload":{"QuestionText":"How often do you use social media specifically to <u>post or share&nbsp;about political content<\/u>?","DataExportTag":"sm_post_poli","QuestionType":"MC","Selector":"SAVR","SubSelector":"TX","DataVisibility":{"Private":false,"Hidden":false},"Configuration":{"QuestionDescriptionOption":"UseText"},"QuestionDescription":"How often do you use social media specifically to post or share\u00a0about political content?","Choices":{"1":{"Display":"Daily or more"},"2":{"Display":"4-6 times a week"},"3":{"Display":"2-3 times a week"},"4":{"Display":"Once per week"},"5":{"Display":"Between once per week and once per month"},"6":{"Display":"Between once per month and once per year"},"7":{"Display":"Never"}},"ChoiceOrder":[1,2,3,4,5,6,7],"Validation":{"Settings":{"ForceResponse":"ON","ForceResponseType":"ON","Type":"None"}},"Language":[],"NextChoiceId":8,"NextAnswerId":1,"QuestionText_Unsafe":"How often do you use social media specifically to <u>post or share&nbsp;about political content<\/u>?","QuestionID":"QID178520672"}},{"SurveyID":"SV_cNocVyyfuBe6aI5","Element":"SQ","PrimaryAttribute":"QID178520671","SecondaryAttribute":"How often do you use social media specifically to view or learn about political content?","TertiaryAttribute":null,"Payload":{"QuestionText":"How often do you use social media specifically to <u>view or learn about political content<\/u>?","DataExportTag":"sm_use_poli","QuestionType":"MC","Selector":"SAVR","SubSelector":"TX","DataVisibility":{"Private":false,"Hidden":false},"Configuration":{"QuestionDescriptionOption":"UseText"},"QuestionDescription":"How often do you use social media specifically to view or learn about political content?","Choices":{"1":{"Display":"Daily or more"},"2":{"Display":"4-6 times a week"},"3":{"Display":"2-3 times a week"},"4":{"Display":"Once per week"},"5":{"Display":"Between once per week and once per month"},"6":{"Display":"Between once per month and once per year"},"7":{"Display":"Never"}},"ChoiceOrder":[1,2,3,4,5,6,7],"Validation":{"Settings":{"ForceResponse":"ON","ForceResponseType":"ON","Type":"None"}},"Language":[],"NextChoiceId":8,"NextAnswerId":1,"QuestionText_Unsafe":"How often do you use social media specifically to <u>view or learn about political content<\/u>?","QuestionID":"QID178520671"}},{"SurveyID":"SV_cNocVyyfuBe6aI5","Element":"SQ","PrimaryAttribute":"QID178520697","SecondaryAttribute":"How often do you use social media?","TertiaryAttribute":null,"Payload":{"QuestionText":"How often do you use social media?","DataExportTag":"sm_use","QuestionType":"MC","Selector":"SAVR","SubSelector":"TX","DataVisibility":{"Private":false,"Hidden":false},"Configuration":{"QuestionDescriptionOption":"UseText"},"QuestionDescription":"How often do you use social media?","Choices":{"1":{"Display":"Daily or more"},"2":{"Display":"4-6 times a week"},"3":{"Display":"2-3 times a week"},"4":{"Display":"Once per week"},"5":{"Display":"Between once per week and once per month"},"6":{"Display":"Between once per month and once per year"},"7":{"Display":"Never"}},"ChoiceOrder":[1,2,3,4,5,6,7],"Validation":{"Settings":{"ForceResponse":"ON","ForceResponseType":"ON","Type":"None"}},"Language":[],"NextChoiceId":8,"NextAnswerId":1,"QuestionText_Unsafe":"How often do you use social media?","QuestionID":"QID178520697"}},{"SurveyID":"SV_cNocVyyfuBe6aI5","Element":"SQ","PrimaryAttribute":"QID178520668","SecondaryAttribute":"How unhappy would you be if an immediate family member married someone from the Democratic\u00a0party?..","TertiaryAttribute":null,"Payload":{"QuestionText":"How <b>unhappy<\/b> would you be if an immediate family member married someone from the <u><span style=\"color:#0000FF;\"><strong>Democratic&nbsp;party<\/strong><\/span><\/u>?\n\n<div>&nbsp;<\/div>","DefaultChoices":false,"DataExportTag":"Q16","QuestionType":"MC","Selector":"SAHR","SubSelector":"TX","DataVisibility":{"Private":false,"Hidden":false},"Configuration":{"QuestionDescriptionOption":"UseText","LabelPosition":"BELOW"},"QuestionDescription":"How unhappy would you be if an immediate family member married someone from the Democratic\u00a0party?...","Choices":{"1":{"Display":"1 - Not at all unhappy"},"2":{"Display":"2 -"},"3":{"Display":"3 -"},"4":{"Display":"4 - Somewhat unhappy"},"5":{"Display":"5 -"},"6":{"Display":"6 -"},"7":{"Display":"7 - Very unhappy"}},"ChoiceOrder":[1,2,3,4,5,6,7],"Validation":{"Settings":{"ForceResponse":"OFF","ForceResponseType":"ON","Type":"None"}},"GradingData":[],"Language":[],"NextChoiceId":8,"NextAnswerId":1,"QuestionText_Unsafe":"How <b>unhappy<\/b> would you be if an immediate family member married someone from the <u><span style=\"color:#0000FF;\"><strong>Democratic&nbsp;party<\/strong><\/span><\/u>?\n\n<div>&nbsp;<\/div>","QuestionID":"QID178520668"}},{"SurveyID":"SV_cNocVyyfuBe6aI5","Element":"SQ","PrimaryAttribute":"QID178520667","SecondaryAttribute":"How unhappy would you be if an immediate family member married someone from the Republican\u00a0party?..","TertiaryAttribute":null,"Payload":{"QuestionText":"How <b>unhappy<\/b> would you be if an immediate family member married someone from the<span style=\"color:#FF0000;\"><u><strong> Republican&nbsp;party<\/strong><\/u><\/span>?\n\n<div>&nbsp;<\/div>","DefaultChoices":false,"DataExportTag":"Q15","QuestionType":"MC","Selector":"SAHR","SubSelector":"TX","DataVisibility":{"Private":false,"Hidden":false},"Configuration":{"QuestionDescriptionOption":"UseText","LabelPosition":"BELOW"},"QuestionDescription":"How unhappy would you be if an immediate family member married someone from the Republican\u00a0party?...","Choices":{"1":{"Display":"1 - Not at all unhappy"},"2":{"Display":"2 -"},"3":{"Display":"3 -"},"4":{"Display":"4 - Somewhat unhappy"},"5":{"Display":"5 -"},"6":{"Display":"6 -"},"7":{"Display":"7 - Very unhappy"}},"ChoiceOrder":[1,2,3,4,5,6,7],"Validation":{"Settings":{"ForceResponse":"OFF","ForceResponseType":"ON","Type":"None"}},"GradingData":[],"Language":[],"NextChoiceId":8,"NextAnswerId":1,"QuestionText_Unsafe":"How <b>unhappy<\/b> would you be if an immediate family member married someone from the<span style=\"color:#FF0000;\"><u><strong> Republican&nbsp;party<\/strong><\/u><\/span>?\n\n<div>&nbsp;<\/div>","QuestionID":"QID178520667"}},{"SurveyID":"SV_cNocVyyfuBe6aI5","Element":"SQ","PrimaryAttribute":"QID178520670","SecondaryAttribute":"How would you describe your political ideology?","TertiaryAttribute":null,"Payload":{"QuestionText":"How would you describe your political ideology?","DataExportTag":"ideology","QuestionType":"MC","Selector":"SAHR","SubSelector":"TX","DataVisibility":{"Private":false,"Hidden":false},"Configuration":{"QuestionDescriptionOption":"UseText","LabelPosition":"BELOW"},"QuestionDescription":"How would you describe your political ideology?","Choices":{"1":{"Display":"Extremely liberal"},"2":{"Display":"&nbsp;"},"3":{"Display":"Moderately liberal"},"4":{"Display":"Neither"},"5":{"Display":"Moderately conservative"},"6":{"Display":"&nbsp;"},"7":{"Display":"Extremely Conservative"}},"ChoiceOrder":[1,2,3,4,5,6,7],"Validation":{"Settings":{"ForceResponse":"ON","ForceResponseType":"ON","Type":"None"}},"RecodeValues":{"1":"-3","2":"-2","3":"-1","4":"0","5":"1","6":"2","7":"3"},"Language":[],"NextChoiceId":8,"NextAnswerId":1,"QuestionText_Unsafe":"How would you describe your political ideology?","QuestionID":"QID178520670"}},{"SurveyID":"SV_cNocVyyfuBe6aI5","Element":"SQ","PrimaryAttribute":"QID178520663","SecondaryAttribute":"If you share (e.g. retweet, share, repost) content on social media, why do you typically share it...","TertiaryAttribute":null,"Payload":{"QuestionText":"If you share (e.g. retweet, share, repost) content on social media, why do you typically share it (check all that apply)?","DataExportTag":"share_why","QuestionType":"MC","Selector":"MAVR","SubSelector":"TX","DataVisibility":{"Private":false,"Hidden":false},"Configuration":{"QuestionDescriptionOption":"UseText"},"QuestionDescription":"If you share (e.g. retweet, share, repost) content on social media, why do you typically share it...","Choices":{"1":{"Display":"I want people to see the content"},"2":{"Display":"I want to make people laugh"},"3":{"Display":"I want to change people's opinions"},"4":{"Display":"I want to troll people"},"5":{"Display":"The content represents my beliefs or attitudes"},"6":{"Display":"I want to show people that we share common beliefs or attitudes"},"7":{"Display":"Other"}},"ChoiceOrder":[1,2,3,4,5,6,7],"Validation":{"Settings":{"ForceResponse":"ON","ForceResponseType":"ON","Type":"None"}},"Language":[],"NextChoiceId":8,"NextAnswerId":1,"QuestionText_Unsafe":"If you share (e.g. retweet, share, repost) content on social media, why do you typically share it (check all that apply)?","QuestionID":"QID178520663"}},{"SurveyID":"SV_cNocVyyfuBe6aI5","Element":"SQ","PrimaryAttribute":"QID178520669","SecondaryAttribute":"If you use social media daily or more, use the slider to indicate how many times per day you tend...","TertiaryAttribute":null,"Payload":{"QuestionText":"If you use social media daily or more, use the slider to indicate how many times per day you tend to use social media. If you don't use social media daily or more, then leave the slider at 0.","DefaultChoices":false,"DataExportTag":"sm_use_slider","QuestionType":"Slider","Selector":"HSLIDER","DataVisibility":{"Private":false,"Hidden":false},"Configuration":{"QuestionDescriptionOption":"UseText","CSSliderMin":0,"CSSliderMax":100,"GridLines":10,"SnapToGrid":false,"NumDecimals":"0","ShowValue":true,"CustomStart":false,"NotApplicable":false,"MobileFirst":true},"QuestionDescription":"If you use social media daily or more, use the slider to indicate how many times per day you tend...","Choices":{"1":{"Display":"&nbsp;"}},"ChoiceOrder":[1],"Validation":{"Settings":{"ForceResponse":"OFF","ForceResponseType":"ON","Type":"None"}},"GradingData":[],"Language":[],"NextChoiceId":2,"NextAnswerId":1,"Labels":[],"QuestionText_Unsafe":"If you use social media daily or more, use the slider to indicate how many times per day you tend to use social media. If you don't use social media daily or more, then leave the slider at 0.","QuestionID":"QID178520669"}},{"SurveyID":"SV_cNocVyyfuBe6aI5","Element":"SQ","PrimaryAttribute":"QID178520673","SecondaryAttribute":"If you use social media to\u00a0post or share political content daily or more, use the slider to indic..","TertiaryAttribute":null,"Payload":{"QuestionText":"If you use social media to&nbsp;<u>post or share political content<\/u> daily or more, use the slider to indicate how many times per day you tend to use social media to post or share political content. If you don't use social media to post or share political content daily or more, then leave the slider at 0.","DefaultChoices":false,"DataExportTag":"sm_post_poli_slider","QuestionType":"Slider","Selector":"HSLIDER","DataVisibility":{"Private":false,"Hidden":false},"Configuration":{"QuestionDescriptionOption":"UseText","CSSliderMin":0,"CSSliderMax":100,"GridLines":10,"SnapToGrid":false,"NumDecimals":"0","ShowValue":true,"CustomStart":false,"NotApplicable":false,"MobileFirst":true},"QuestionDescription":"If you use social media to\u00a0post or share political content daily or more, use the slider to indic...","Choices":{"1":{"Display":"Never"}},"ChoiceOrder":[1],"Validation":{"Settings":{"ForceResponse":"OFF","ForceResponseType":"ON","Type":"None"}},"GradingData":[],"Language":[],"NextChoiceId":2,"NextAnswerId":1,"Labels":[],"QuestionText_Unsafe":"If you use social media to&nbsp;<u>post or share political content<\/u> daily or more, use the slider to indicate how many times per day you tend to use social media to post or share political content. If you don't use social media to post or share political content daily or more, then leave the slider at 0.","QuestionID":"QID178520673"}},{"SurveyID":"SV_cNocVyyfuBe6aI5","Element":"SQ","PrimaryAttribute":"QID178520695","SecondaryAttribute":"If you use social media to\u00a0view or learn about political content daily or more, use the slider to..","TertiaryAttribute":null,"Payload":{"QuestionText":"If you use social media to&nbsp;<u>view or learn about political content<\/u> daily or more, use the slider to indicate how many times per day you tend to use social media to view or learn about political content. If you don't use social media to view or learn about political content daily or more, then leave the slider at 0.","DefaultChoices":false,"DataExportTag":"sm_use_poli_slider","QuestionType":"Slider","Selector":"HSLIDER","DataVisibility":{"Private":false,"Hidden":false},"Configuration":{"QuestionDescriptionOption":"UseText","CSSliderMin":0,"CSSliderMax":100,"GridLines":10,"SnapToGrid":false,"NumDecimals":"0","ShowValue":true,"CustomStart":false,"NotApplicable":false,"MobileFirst":true},"QuestionDescription":"If you use social media to\u00a0view or learn about political content daily or more, use the slider to...","Choices":{"1":{"Display":"Never"}},"ChoiceOrder":[1],"Validation":{"Settings":{"ForceResponse":"OFF","ForceResponseType":"ON","Type":"None"}},"GradingData":[],"Language":[],"NextChoiceId":2,"NextAnswerId":1,"Labels":[],"QuestionText_Unsafe":"If you use social media to&nbsp;<u>view or learn about political content<\/u> daily or more, use the slider to indicate how many times per day you tend to use social media to view or learn about political content. If you don't use social media to view or learn about political content daily or more, then leave the slider at 0.","QuestionID":"QID178520695"}},{"SurveyID":"SV_cNocVyyfuBe6aI5","Element":"SQ","PrimaryAttribute":"QID178520682","SecondaryAttribute":"Please indicate how justified you consider the below to be:","TertiaryAttribute":null,"Payload":{"QuestionText":"Please indicate how justified you consider the below to be:","DefaultChoices":false,"DataExportTag":"violence2R","QuestionType":"SBS","Selector":"SBSMatrix","DataVisibility":{"Private":false,"Hidden":false},"Configuration":{"QuestionDescriptionOption":"UseText","RepeatHeaders":"none"},"QuestionDescription":"Please indicate how justified you consider the below to be:","Choices":{"1":{"Display":"How much do you feel it is justified for Republicans to use violence in advancing their political goals these days?"},"2":{"Display":"When, if ever, is it OK for an ordinary Republican in the public to harass an ordinary Democrat on the internet, in a way that makes the target feel frightened?"}},"DisplayLogic":{"0":{"0":{"LogicType":"Question","QuestionID":"QID178520662","QuestionIsInLoop":"no","ChoiceLocator":"q:\/\/QID178520662\/SelectableChoice\/2","Operator":"Selected","QuestionIDFromLocator":"QID178520662","LeftOperand":"q:\/\/QID178520662\/SelectableChoice\/2","Type":"Expression","Description":"<span class=\"ConjDesc\">If<\/span> <span class=\"QuestionDesc\">Politically speaking, do you consider yourself:<\/span> <span class=\"LeftOpDesc\">A Republican<\/span> <span class=\"OpDesc\">Is Selected<\/span> "},"Type":"If"},"Type":"BooleanExpression","inPage":false},"ChoiceOrder":[1,2],"Validation":{"Settings":{"ForceResponse":"ON","ForceResponseType":"ON","Type":"None"}},"GradingData":[],"Language":[],"NextChoiceId":3,"NextAnswerId":2,"NumberOfQuestions":1,"AdditionalQuestions":{"1":{"Answers":{"1":{"Display":"Not At All"},"2":{"Display":"Slightly"},"3":{"Display":"Moderately"},"4":{"Display":"Considerably"},"5":{"Display":"A Great Deal"}},"QuestionText":"","RecodeValues":[],"VariableNaming":[],"AnalyzeChoices":[],"QuestionType":"Matrix","Selector":"Likert","SubSelector":"SingleAnswer","ChoiceColumnWidthPixels":null,"DataExportTag":"violence2R#1","QuestionID":"QID178520682#1","Choices":{"1":{"Display":"How much do you feel it is justified for Republicans to use violence in advancing their political goals these days?"},"2":{"Display":"When, if ever, is it OK for an ordinary Republican in the public to harass an ordinary Democrat on the internet, in a way that makes the target feel frightened?"}},"ChoiceDataExportTags":false,"Validation":{"Settings":{"ForceResponse":"ON"}},"QuestionDescription":"","Configuration":{"QuestionDescriptionOption":"UseText"}}},"ChoiceDataExportTags":false,"QuestionText_Unsafe":"Please indicate how justified you consider the below to be:","QuestionID":"QID178520682"}},{"SurveyID":"SV_cNocVyyfuBe6aI5","Element":"SQ","PrimaryAttribute":"QID178520691","SecondaryAttribute":"Please indicate how justified you consider the below to be:","TertiaryAttribute":null,"Payload":{"QuestionText":"Please indicate how justified you consider the below to be:","DefaultChoices":false,"DataExportTag":"violence2D","QuestionType":"SBS","Selector":"SBSMatrix","DataVisibility":{"Private":false,"Hidden":false},"Configuration":{"QuestionDescriptionOption":"UseText","RepeatHeaders":"none"},"QuestionDescription":"Please indicate how justified you consider the below to be:","Choices":{"1":{"Display":"How much do you feel it is justified for Democrats to use violence in advancing their political goals these days?"},"2":{"Display":"When, if ever, is it OK for an ordinary Democrat in the public to harass an ordinary Republican on the internet, in a way that makes the target feel frightened?"}},"DisplayLogic":{"0":{"0":{"LogicType":"Question","QuestionID":"QID178520662","QuestionIsInLoop":"no","ChoiceLocator":"q:\/\/QID178520662\/SelectableChoice\/1","Operator":"Selected","QuestionIDFromLocator":"QID178520662","LeftOperand":"q:\/\/QID178520662\/SelectableChoice\/1","Type":"Expression","Description":"<span class=\"ConjDesc\">If<\/span> <span class=\"QuestionDesc\">Politically speaking, do you consider yourself:<\/span> <span class=\"LeftOpDesc\">A Democrat<\/span> <span class=\"OpDesc\">Is Selected<\/span> "},"Type":"If"},"Type":"BooleanExpression","inPage":false},"ChoiceOrder":[1,2],"Validation":{"Settings":{"ForceResponse":"ON","ForceResponseType":"ON","Type":"None"}},"GradingData":[],"Language":[],"NextChoiceId":3,"NextAnswerId":2,"NumberOfQuestions":1,"AdditionalQuestions":{"1":{"Answers":{"1":{"Display":"Not At All"},"2":{"Display":"Slightly"},"3":{"Display":"Moderately"},"4":{"Display":"Considerably"},"5":{"Display":"A Great Deal"}},"QuestionText":"","RecodeValues":[],"VariableNaming":[],"AnalyzeChoices":[],"QuestionType":"Matrix","Selector":"Likert","SubSelector":"SingleAnswer","ChoiceColumnWidthPixels":null,"DataExportTag":"violence2D#1","QuestionID":"QID178520691#1","Choices":{"1":{"Display":"How much do you feel it is justified for Democrats to use violence in advancing their political goals these days?"},"2":{"Display":"When, if ever, is it OK for an ordinary Democrat in the public to harass an ordinary Republican on the internet, in a way that makes the target feel frightened?"}},"ChoiceDataExportTags":false,"Validation":{"Settings":{"ForceResponse":"ON"}},"QuestionDescription":"","Configuration":{"QuestionDescriptionOption":"UseText"}}},"ChoiceDataExportTags":false,"QuestionText_Unsafe":"Please indicate how justified you consider the below to be:","QuestionID":"QID178520691"}},{"SurveyID":"SV_cNocVyyfuBe6aI5","Element":"SQ","PrimaryAttribute":"QID178520674","SecondaryAttribute":"Please indicate how much you agree or disagree with the following statements:","TertiaryAttribute":null,"Payload":{"QuestionText":"Please indicate how much you agree or disagree with the following statements:","DefaultChoices":false,"DataExportTag":"disengage2R","QuestionType":"SBS","Selector":"SBSMatrix","Configuration":{"QuestionDescriptionOption":"UseText","RepeatHeaders":"none"},"QuestionDescription":"Please indicate how much you agree or disagree with the following statements:","Choices":{"1":{"Display":"Only Republicans want to improve our country."},"2":{"Display":"Democrats are not just worse for politics - they are downright evil."},"3":{"Display":"If Republicans break a few rules to oppose Democrats, it's because they need to do it for the sake of the country."},"4":{"Display":"If Democrats are going to behave badly, they should be treated like animals."},"5":{"Display":"Democrats deserve any mistreatment they get from the Republicans."},"6":{"Display":"Democrats have their heart in the right place but just come to different conclusions about was is best."},"7":{"Display":"Republicans are not just better for politics - they are morally right."},"8":{"Display":"Many Democrats lack the traits to be considered fully human - they behave like animals."},"9":{"Display":"Breaking a few rules to help the Republicans win does no lasting harm."}},"DisplayLogic":{"0":{"0":{"LogicType":"Question","QuestionID":"QID178520662","QuestionIsInLoop":"no","ChoiceLocator":"q:\/\/QID178520662\/SelectableChoice\/2","Operator":"Selected","QuestionIDFromLocator":"QID178520662","LeftOperand":"q:\/\/QID178520662\/SelectableChoice\/2","Type":"Expression","Description":"<span class=\"ConjDesc\">If<\/span> <span class=\"QuestionDesc\">Politically speaking, do you consider yourself:<\/span> <span class=\"LeftOpDesc\">A Republican<\/span> <span class=\"OpDesc\">Is Selected<\/span> "},"Type":"If"},"Type":"BooleanExpression","inPage":false},"ChoiceOrder":[1,2,3,4,5,6,7,8,9],"Validation":{"Settings":{"ForceResponse":"ON","ForceResponseType":"ON","Type":"None"}},"GradingData":[{"ChoiceID":"4","AnswerID":"1","SeriesID":"1","Grades":{"SC_0GL7DRyjnFhoIUl":"1"},"index":0}],"Language":[],"NextChoiceId":10,"NextAnswerId":2,"NumberOfQuestions":1,"AdditionalQuestions":{"1":{"Answers":{"1":{"Display":"Strongly Disagree"},"2":{"Display":"Disagree"},"3":{"Display":"Neither Agree Nor Disagree"},"4":{"Display":"Agree"},"5":{"Display":"Strongly Agree"}},"QuestionText":"","RecodeValues":[],"VariableNaming":[],"AnalyzeChoices":[],"QuestionType":"Matrix","Selector":"Likert","SubSelector":"SingleAnswer","ChoiceColumnWidthPixels":null,"GradingData":[{"AnswerID":"1","ChoiceID":"4","Grades":{"SC_0GL7DRyjnFhoIUl":"1"},"index":0}],"DataExportTag":"disengage2R#1","QuestionID":"QID178520674#1","Choices":{"1":{"Display":"Only Republicans want to improve our country."},"2":{"Display":"Democrats are not just worse for politics - they are downright evil."},"3":{"Display":"If Republicans break a few rules to oppose Democrats, it's because they need to do it for the sake of the country."},"4":{"Display":"If Democrats are going to behave badly, they should be treated like animals."},"5":{"Display":"Democrats deserve any mistreatment they get from the Republicans."},"6":{"Display":"Democrats have their heart in the right place but just come to different conclusions about was is best."},"7":{"Display":"Republicans are not just better for politics - they are morally right."},"8":{"Display":"Many Democrats lack the traits to be considered fully human - they behave like animals."},"9":{"Display":"Breaking a few rules to help the Republicans win does no lasting harm."}},"ChoiceDataExportTags":false,"Validation":{"Settings":{"ForceResponse":"ON"}},"QuestionDescription":"","Configuration":{"QuestionDescriptionOption":"UseText"}}},"ChoiceDataExportTags":false,"DataVisibility":{"Private":false,"Hidden":false},"QuestionText_Unsafe":"Please indicate how much you agree or disagree with the following statements:","QuestionID":"QID178520674"}},{"SurveyID":"SV_cNocVyyfuBe6aI5","Element":"SQ","PrimaryAttribute":"QID178520684","SecondaryAttribute":"Please indicate how much you agree or disagree with the following statements:","TertiaryAttribute":null,"Payload":{"QuestionText":"Please indicate how much you agree or disagree with the following statements:","DefaultChoices":false,"DataExportTag":"disengage2D","QuestionType":"SBS","Selector":"SBSMatrix","DataVisibility":{"Private":false,"Hidden":false},"Configuration":{"QuestionDescriptionOption":"UseText","RepeatHeaders":"none"},"QuestionDescription":"Please indicate how much you agree or disagree with the following statements:","Choices":{"1":{"Display":"Only Democrats want to improve our country."},"2":{"Display":"Republicans are not just worse for politics - they are downright evil."},"3":{"Display":"If Democrats break a few rules to oppose Republicans, it's because they need to do it for the sake of the country."},"4":{"Display":"If Republicans are going to behave badly, they should be treated like animals."},"5":{"Display":"Republicans deserve any mistreatment they get from Democrats."},"6":{"Display":"Republicans have their heart in the right place but just come to different conclusions about was is best."},"7":{"Display":"Democrats are not just better for politics - they are morally right."},"8":{"Display":"Many Republicans lack the traits to be considered fully human - they behave like animals."},"9":{"Display":"Breaking a few rules to help Democrats win does no lasting harm."}},"DisplayLogic":{"0":{"0":{"LogicType":"Question","QuestionID":"QID178520662","QuestionIsInLoop":"no","ChoiceLocator":"q:\/\/QID178520662\/SelectableChoice\/1","Operator":"Selected","QuestionIDFromLocator":"QID178520662","LeftOperand":"q:\/\/QID178520662\/SelectableChoice\/1","Type":"Expression","Description":"<span class=\"ConjDesc\">If<\/span> <span class=\"QuestionDesc\">Politically speaking, do you consider yourself:<\/span> <span class=\"LeftOpDesc\">A Democrat<\/span> <span class=\"OpDesc\">Is Selected<\/span> "},"Type":"If"},"Type":"BooleanExpression","inPage":false},"ChoiceOrder":[1,2,3,4,5,6,7,8,9],"Validation":{"Settings":{"ForceResponse":"ON","ForceResponseType":"ON","Type":"None"}},"GradingData":[{"ChoiceID":"4","AnswerID":"1","SeriesID":"1","Grades":{"SC_0GL7DRyjnFhoIUl":"1"},"index":0}],"Language":[],"NextChoiceId":10,"NextAnswerId":2,"NumberOfQuestions":1,"AdditionalQuestions":{"1":{"Answers":{"1":{"Display":"Strongly Disagree"},"2":{"Display":"Disagree"},"3":{"Display":"Neither Agree Nor Disagree"},"4":{"Display":"Agree"},"5":{"Display":"Strongly Agree"}},"QuestionText":"","RecodeValues":[],"VariableNaming":[],"AnalyzeChoices":[],"QuestionType":"Matrix","Selector":"Likert","SubSelector":"SingleAnswer","ChoiceColumnWidthPixels":null,"GradingData":[{"AnswerID":"1","ChoiceID":"4","Grades":{"SC_0GL7DRyjnFhoIUl":"1"},"index":0}],"DataExportTag":"disengage2D#1","QuestionID":"QID178520684#1","Choices":{"1":{"Display":"Only Democrats want to improve our country."},"2":{"Display":"Republicans are not just worse for politics - they are downright evil."},"3":{"Display":"If Democrats break a few rules to oppose Republicans, it's because they need to do it for the sake of the country."},"4":{"Display":"If Republicans are going to behave badly, they should be treated like animals."},"5":{"Display":"Republicans deserve any mistreatment they get from Democrats."},"6":{"Display":"Republicans have their heart in the right place but just come to different conclusions about was is best."},"7":{"Display":"Democrats are not just better for politics - they are morally right."},"8":{"Display":"Many Republicans lack the traits to be considered fully human - they behave like animals."},"9":{"Display":"Breaking a few rules to help Democrats win does no lasting harm."}},"ChoiceDataExportTags":false,"Validation":{"Settings":{"ForceResponse":"ON"}},"QuestionDescription":"","Configuration":{"QuestionDescriptionOption":"UseText"}}},"ChoiceDataExportTags":false,"QuestionText_Unsafe":"Please indicate how much you agree or disagree with the following statements:","QuestionID":"QID178520684"}},{"SurveyID":"SV_cNocVyyfuBe6aI5","Element":"SQ","PrimaryAttribute":"QID178520681","SecondaryAttribute":"Please indicate when it is okay to do the following:","TertiaryAttribute":null,"Payload":{"QuestionText":"Please indicate when it is okay to do the following:","DefaultChoices":false,"DataExportTag":"violence1R","QuestionType":"SBS","Selector":"SBSMatrix","Configuration":{"QuestionDescriptionOption":"UseText","RepeatHeaders":"none"},"QuestionDescription":"Please indicate when it is okay to do the following:","Choices":{"1":{"Display":"When, if ever, is it OK for Republicans to send threatening and intimidating messages to Democratic leaders?"},"2":{"Display":"When, if ever, is it OK for an ordinary Republican in the public to harass an ordinary Democrat on the internet, in a way that makes the target feel frightened?"}},"DisplayLogic":{"0":{"0":{"LogicType":"Question","QuestionID":"QID178520662","QuestionIsInLoop":"no","ChoiceLocator":"q:\/\/QID178520662\/SelectableChoice\/2","Operator":"Selected","QuestionIDFromLocator":"QID178520662","LeftOperand":"q:\/\/QID178520662\/SelectableChoice\/2","Type":"Expression","Description":"<span class=\"ConjDesc\">If<\/span> <span class=\"QuestionDesc\">Politically speaking, do you consider yourself:<\/span> <span class=\"LeftOpDesc\">A Republican<\/span> <span class=\"OpDesc\">Is Selected<\/span> "},"Type":"If"},"Type":"BooleanExpression","inPage":false},"ChoiceOrder":[1,2],"Validation":{"Settings":{"ForceResponse":"ON","ForceResponseType":"ON","Type":"None"}},"GradingData":[],"Language":[],"NextChoiceId":3,"NextAnswerId":2,"NumberOfQuestions":1,"AdditionalQuestions":{"1":{"Answers":{"1":{"Display":"Never"},"2":{"Display":"Rarely"},"3":{"Display":"Frequently"},"4":{"Display":"Always"}},"QuestionText":"","RecodeValues":[],"VariableNaming":[],"AnalyzeChoices":[],"QuestionType":"Matrix","Selector":"Likert","SubSelector":"SingleAnswer","ChoiceColumnWidthPixels":null,"DataExportTag":"violence1R#1","QuestionID":"QID178520681#1","Choices":{"1":{"Display":"When, if ever, is it OK for Republicans to send threatening and intimidating messages to Democratic leaders?"},"2":{"Display":"When, if ever, is it OK for an ordinary Republican in the public to harass an ordinary Democrat on the internet, in a way that makes the target feel frightened?"}},"ChoiceDataExportTags":false,"Validation":{"Settings":{"ForceResponse":"ON"}},"QuestionDescription":"","Configuration":{"QuestionDescriptionOption":"UseText"}}},"ChoiceDataExportTags":false,"DataVisibility":{"Private":false,"Hidden":false},"QuestionText_Unsafe":"Please indicate when it is okay to do the following:","QuestionID":"QID178520681"}},{"SurveyID":"SV_cNocVyyfuBe6aI5","Element":"SQ","PrimaryAttribute":"QID178520689","SecondaryAttribute":"Please indicate when it is okay to do the following:","TertiaryAttribute":null,"Payload":{"QuestionText":"Please indicate when it is okay to do the following:","DefaultChoices":false,"DataExportTag":"violence1D","QuestionType":"SBS","Selector":"SBSMatrix","DataVisibility":{"Private":false,"Hidden":false},"Configuration":{"QuestionDescriptionOption":"UseText","RepeatHeaders":"none"},"QuestionDescription":"Please indicate when it is okay to do the following:","Choices":{"1":{"Display":"When, if ever, is it OK for Democrats to send threatening and intimidating messages to Republican leaders?"},"2":{"Display":"When, if ever, is it OK for an ordinary Democrat in the public to harass an ordinary Republican on the internet, in a way that makes the target feel frightened?"}},"DisplayLogic":{"0":{"0":{"LogicType":"Question","QuestionID":"QID178520662","QuestionIsInLoop":"no","ChoiceLocator":"q:\/\/QID178520662\/SelectableChoice\/1","Operator":"Selected","QuestionIDFromLocator":"QID178520662","LeftOperand":"q:\/\/QID178520662\/SelectableChoice\/1","Type":"Expression","Description":"<span class=\"ConjDesc\">If<\/span> <span class=\"QuestionDesc\">Politically speaking, do you consider yourself:<\/span> <span class=\"LeftOpDesc\">A Democrat<\/span> <span class=\"OpDesc\">Is Selected<\/span> "},"Type":"If"},"Type":"BooleanExpression","inPage":false},"ChoiceOrder":[1,2],"Validation":{"Settings":{"ForceResponse":"ON","ForceResponseType":"ON","Type":"None"}},"GradingData":[],"Language":[],"NextChoiceId":3,"NextAnswerId":2,"NumberOfQuestions":1,"AdditionalQuestions":{"1":{"Answers":{"1":{"Display":"Never"},"2":{"Display":"Rarely"},"3":{"Display":"Frequently"},"4":{"Display":"Always"}},"QuestionText":"","RecodeValues":[],"VariableNaming":[],"AnalyzeChoices":[],"QuestionType":"Matrix","Selector":"Likert","SubSelector":"SingleAnswer","ChoiceColumnWidthPixels":null,"DataExportTag":"violence1D#1","QuestionID":"QID178520689#1","Choices":{"1":{"Display":"When, if ever, is it OK for Democrats to send threatening and intimidating messages to Republican leaders?"},"2":{"Display":"When, if ever, is it OK for an ordinary Democrat in the public to harass an ordinary Republican on the internet, in a way that makes the target feel frightened?"}},"ChoiceDataExportTags":false,"Validation":{"Settings":{"ForceResponse":"ON"}},"QuestionDescription":"","Configuration":{"QuestionDescriptionOption":"UseText"}}},"ChoiceDataExportTags":false,"QuestionText_Unsafe":"Please indicate when it is okay to do the following:","QuestionID":"QID178520689"}},{"SurveyID":"SV_cNocVyyfuBe6aI5","Element":"SQ","PrimaryAttribute":"QID178520676","SecondaryAttribute":"Please indicate whether you have found yourself in the situations described below:","TertiaryAttribute":null,"Payload":{"QuestionText":"Please indicate whether you have found yourself in the situations described below:","DefaultChoices":false,"DataExportTag":"schaden2R","QuestionType":"SBS","Selector":"SBSMatrix","Configuration":{"QuestionDescriptionOption":"UseText","RepeatHeaders":"none"},"QuestionDescription":"Please indicate whether you have found yourself in the situations described below:","Choices":{"1":{"Display":"Have you ever wished that someone would physically injure one or more Democratic politicians?"},"2":{"Display":"When a Republican politician votes against the party on a key issue, have you ever wished they would get sick and die?"}},"DisplayLogic":{"0":{"0":{"LogicType":"Question","QuestionID":"QID178520662","QuestionIsInLoop":"no","ChoiceLocator":"q:\/\/QID178520662\/SelectableChoice\/2","Operator":"Selected","QuestionIDFromLocator":"QID178520662","LeftOperand":"q:\/\/QID178520662\/SelectableChoice\/2","Type":"Expression","Description":"<span class=\"ConjDesc\">If<\/span> <span class=\"QuestionDesc\">Politically speaking, do you consider yourself:<\/span> <span class=\"LeftOpDesc\">A Republican<\/span> <span class=\"OpDesc\">Is Selected<\/span> "},"Type":"If"},"Type":"BooleanExpression","inPage":false},"ChoiceOrder":[1,2],"Validation":{"Settings":{"ForceResponse":"ON","ForceResponseType":"ON","Type":"None"}},"GradingData":[],"Language":[],"NextChoiceId":3,"NextAnswerId":2,"NumberOfQuestions":1,"AdditionalQuestions":{"1":{"Answers":{"1":{"Display":"Yes"},"2":{"Display":"No"}},"QuestionText":"","RecodeValues":[],"VariableNaming":[],"AnalyzeChoices":[],"QuestionType":"Matrix","Selector":"Likert","SubSelector":"SingleAnswer","ChoiceColumnWidthPixels":null,"DataExportTag":"schaden2R#1","QuestionID":"QID178520676#1","Choices":{"1":{"Display":"Have you ever wished that someone would physically injure one or more Democratic politicians?"},"2":{"Display":"When a Republican politician votes against the party on a key issue, have you ever wished they would get sick and die?"}},"ChoiceDataExportTags":false,"Validation":{"Settings":{"ForceResponse":"ON"}},"QuestionDescription":"","Configuration":{"QuestionDescriptionOption":"UseText"}}},"ChoiceDataExportTags":false,"DataVisibility":{"Private":false,"Hidden":false},"QuestionText_Unsafe":"Please indicate whether you have found yourself in the situations described below:","QuestionID":"QID178520676"}},{"SurveyID":"SV_cNocVyyfuBe6aI5","Element":"SQ","PrimaryAttribute":"QID178520686","SecondaryAttribute":"Please indicate whether you have found yourself in the situations described below:","TertiaryAttribute":null,"Payload":{"QuestionText":"Please indicate whether you have found yourself in the situations described below:","DefaultChoices":false,"DataExportTag":"shaden2D","QuestionType":"SBS","Selector":"SBSMatrix","DataVisibility":{"Private":false,"Hidden":false},"Configuration":{"QuestionDescriptionOption":"UseText","RepeatHeaders":"none"},"QuestionDescription":"Please indicate whether you have found yourself in the situations described below:","Choices":{"1":{"Display":"Have you ever wished that someone would physically injure one or more Republican politicians?"},"2":{"Display":"When a Democratic politician votes against the party on a key issue, have you ever wished they would get sick and die?"}},"DisplayLogic":{"0":{"0":{"LogicType":"Question","QuestionID":"QID178520662","QuestionIsInLoop":"no","ChoiceLocator":"q:\/\/QID178520662\/SelectableChoice\/1","Operator":"Selected","QuestionIDFromLocator":"QID178520662","LeftOperand":"q:\/\/QID178520662\/SelectableChoice\/1","Type":"Expression","Description":"<span class=\"ConjDesc\">If<\/span> <span class=\"QuestionDesc\">Politically speaking, do you consider yourself:<\/span> <span class=\"LeftOpDesc\">A Democrat<\/span> <span class=\"OpDesc\">Is Selected<\/span> "},"Type":"If"},"Type":"BooleanExpression","inPage":false},"ChoiceOrder":[1,2],"Validation":{"Settings":{"ForceResponse":"ON","ForceResponseType":"ON","Type":"None"}},"GradingData":[],"Language":[],"NextChoiceId":3,"NextAnswerId":2,"NumberOfQuestions":1,"AdditionalQuestions":{"1":{"Answers":{"1":{"Display":"Yes"},"2":{"Display":"No"}},"QuestionText":"","RecodeValues":[],"VariableNaming":[],"AnalyzeChoices":[],"QuestionType":"Matrix","Selector":"Likert","SubSelector":"SingleAnswer","ChoiceColumnWidthPixels":null,"DataExportTag":"shaden2D#1","QuestionID":"QID178520686#1","Choices":{"1":{"Display":"Have you ever wished that someone would physically injure one or more Republican politicians?"},"2":{"Display":"When a Democratic politician votes against the party on a key issue, have you ever wished they would get sick and die?"}},"ChoiceDataExportTags":false,"Validation":{"Settings":{"ForceResponse":"ON"}},"QuestionDescription":"","Configuration":{"QuestionDescriptionOption":"UseText"}}},"ChoiceDataExportTags":false,"QuestionText_Unsafe":"Please indicate whether you have found yourself in the situations described below:","QuestionID":"QID178520686"}},{"SurveyID":"SV_cNocVyyfuBe6aI5","Element":"SQ","PrimaryAttribute":"QID178520692","SecondaryAttribute":"Please provide your Twitter handle: e.g., @JohnSmith","TertiaryAttribute":null,"Payload":{"QuestionText":"Please provide your Twitter handle:<div><br><\/div><i>e.g., @JohnSmith<i><\/i><\/i>","DefaultChoices":false,"DataExportTag":"Q41","QuestionType":"TE","Selector":"SL","Configuration":{"QuestionDescriptionOption":"UseText","AllowFreeResponse":"false"},"QuestionDescription":"Please provide your Twitter handle: e.g., @JohnSmith","Validation":{"Settings":{"ForceResponse":"OFF","ForceResponseType":"ON","Type":"None"}},"GradingData":[],"Language":[],"NextChoiceId":4,"NextAnswerId":1,"QuestionText_Unsafe":"Please provide your Twitter handle:<div><br><\/div><i>e.g., @JohnSmith<i><\/i><\/i>","QuestionID":"QID178520692"}},{"SurveyID":"SV_cNocVyyfuBe6aI5","Element":"SQ","PrimaryAttribute":"QID178520666","SecondaryAttribute":"Please select which news outlets you have read articles from online in the past year:","TertiaryAttribute":null,"Payload":{"QuestionText":"Please select which news outlets you have read articles from online in the past year:<br><div><div><br><\/div><\/div>","DefaultChoices":false,"DataExportTag":"news","QuestionType":"MC","Selector":"MAVR","SubSelector":"TX","DataVisibility":{"Private":false,"Hidden":false},"Configuration":{"QuestionDescriptionOption":"UseText"},"QuestionDescription":"Please select which news outlets you have read articles from online in the past year:","Choices":{"1":{"Display":"Drudge Report"},"2":{"Display":"Fox News"},"3":{"Display":"Five Thirty Eight"},"4":{"Display":"Yahoo News"},"5":{"Display":"CNN"},"6":{"Display":"MSN News"},"7":{"Display":"NY Times"},"8":{"Display":"Washington Post"},"9":{"Display":"Daily Kos"},"10":{"Display":"Huffington Post"}},"ChoiceOrder":[1,2,3,4,5,6,7,8,9,10],"Validation":{"Settings":{"ForceResponse":"OFF","ForceResponseType":"ON","Type":"None"}},"GradingData":[],"Language":[],"NextChoiceId":11,"NextAnswerId":1,"Randomization":{"Advanced":null,"Type":"All","TotalRandSubset":""},"QuestionText_Unsafe":"Please select which news outlets you have read articles from online in the past year:<br><div><div><br><\/div><\/div>","QuestionID":"QID178520666"}},{"SurveyID":"SV_cNocVyyfuBe6aI5","Element":"SQ","PrimaryAttribute":"QID178520662","SecondaryAttribute":"Politically speaking, do you consider yourself:","TertiaryAttribute":null,"Payload":{"QuestionText":"Politically speaking, do you consider yourself:","DataExportTag":"party","QuestionType":"MC","Selector":"SAVR","SubSelector":"TX","Configuration":{"QuestionDescriptionOption":"UseText"},"QuestionDescription":"Politically speaking, do you consider yourself:","Choices":{"1":{"Display":"A Democrat"},"2":{"Display":"A Republican"},"3":{"Display":"An Independent"},"4":{"Display":"Other"},"5":{"Display":"None"}},"ChoiceOrder":[1,2,3,4,5],"Validation":{"Settings":{"ForceResponse":"ON","ForceResponseType":"ON","Type":"None"}},"Language":[],"NextChoiceId":6,"NextAnswerId":1,"DataVisibility":{"Private":false,"Hidden":false},"RecodeValues":{"1":"1","2":"2","3":"3","4":"4","5":"5"},"QuestionText_Unsafe":"Politically speaking, do you consider yourself:","QuestionID":"QID178520662"}},{"SurveyID":"SV_cNocVyyfuBe6aI5","Element":"SQ","PrimaryAttribute":"QID178520665","SecondaryAttribute":"Using the thermometer, how would you rate your feelings toward the Democratic party? Use the foll...","TertiaryAttribute":null,"Payload":{"QuestionText":"Using the thermometer, how would you rate your feelings toward the<span style=\"color:#0000FF;\"> <b><u>Democratic party<\/u><\/b><\/span>? Use the following anchors:&nbsp;\n\n<div>&nbsp;\n<div>10 = very warm and favorable feeling<\/div>\n\n<div>5 = no feeling at all<\/div>\n\n<div>0 = very cold and unfavorable feeling<\/div>\n\n<div>&nbsp;<\/div>\n<\/div>","DefaultChoices":false,"DataExportTag":"therm_dem","QuestionType":"SS","Selector":"TA","DataVisibility":{"Private":false,"Hidden":false},"Configuration":{"QuestionDescriptionOption":"UseText"},"QuestionDescription":"Using the thermometer, how would you rate your feelings toward the Democratic party? Use the foll...","Validation":{"Settings":{"ForceResponse":"ON","ForceResponseType":"ON"}},"GradingData":[],"Language":[],"NextChoiceId":23,"NextAnswerId":1,"Category":"Gauges","Scale":"Thermometer","Choices":[{"Display":"0"},{"Display":1},{"Display":2},{"Display":3},{"Display":4},{"Display":5},{"Display":6},{"Display":7},{"Display":8},{"Display":9},{"Display":10}],"QuestionText_Unsafe":"Using the thermometer, how would you rate your feelings toward the<span style=\"color:#0000FF;\"> <b><u>Democratic party<\/u><\/b><\/span>? Use the following anchors:&nbsp;\n\n<div>&nbsp;\n<div>10 = very warm and favorable feeling<\/div>\n\n<div>5 = no feeling at all<\/div>\n\n<div>0 = very cold and unfavorable feeling<\/div>\n\n<div>&nbsp;<\/div>\n<\/div>","QuestionID":"QID178520665"}},{"SurveyID":"SV_cNocVyyfuBe6aI5","Element":"SQ","PrimaryAttribute":"QID178520664","SecondaryAttribute":"Using the thermometer, how would you rate your feelings toward the Republican party? Use the foll...","TertiaryAttribute":null,"Payload":{"QuestionText":"Using the thermometer, how would you rate your feelings toward the <span style=\"color:#FF0000;\"><b><u>Republican party<\/u><\/b><\/span>? Use the following anchors:&nbsp;\n\n<div>&nbsp;\n<div>10 = very warm and favorable feeling<\/div>\n\n<div>5 = no feeling at all<\/div>\n\n<div>0 = very cold and unfavorable feeling<\/div>\n\n<div>&nbsp;<\/div>\n<\/div>","DefaultChoices":false,"DataExportTag":"therm_rep","QuestionType":"SS","Selector":"TA","DataVisibility":{"Private":false,"Hidden":false},"Configuration":{"QuestionDescriptionOption":"UseText"},"QuestionDescription":"Using the thermometer, how would you rate your feelings toward the Republican party? Use the foll...","Validation":{"Settings":{"ForceResponse":"ON","ForceResponseType":"ON"}},"GradingData":[],"Language":[],"NextChoiceId":12,"NextAnswerId":1,"Category":"Gauges","Scale":"Thermometer","Choices":[{"Display":"0"},{"Display":1},{"Display":2},{"Display":3},{"Display":4},{"Display":5},{"Display":6},{"Display":7},{"Display":8},{"Display":9},{"Display":10}],"QuestionText_Unsafe":"Using the thermometer, how would you rate your feelings toward the <span style=\"color:#FF0000;\"><b><u>Republican party<\/u><\/b><\/span>? Use the following anchors:&nbsp;\n\n<div>&nbsp;\n<div>10 = very warm and favorable feeling<\/div>\n\n<div>5 = no feeling at all<\/div>\n\n<div>0 = very cold and unfavorable feeling<\/div>\n\n<div>&nbsp;<\/div>\n<\/div>","QuestionID":"QID178520664"}},{"SurveyID":"SV_cNocVyyfuBe6aI5","Element":"SQ","PrimaryAttribute":"QID178520678","SecondaryAttribute":"Who would you rather see bad things happen to:","TertiaryAttribute":null,"Payload":{"QuestionText":"Who would you rather see bad things happen to:","DataExportTag":"shaden3R","QuestionType":"MC","Selector":"SAVR","SubSelector":"TX","Configuration":{"QuestionDescriptionOption":"UseText"},"QuestionDescription":"Who would you rather see bad things happen to:","Choices":{"1":{"Display":"Democratic politicians"},"2":{"Display":"Republican politicians who vote against the party on a key issue"},"3":{"Display":"Neither"}},"ChoiceOrder":[1,2,3],"Validation":{"Settings":{"ForceResponse":"ON","ForceResponseType":"ON","Type":"None"}},"Language":[],"NextChoiceId":4,"NextAnswerId":1,"DataVisibility":{"Private":false,"Hidden":false},"DisplayLogic":{"0":{"0":{"LogicType":"Question","QuestionID":"QID178520662","QuestionIsInLoop":"no","ChoiceLocator":"q:\/\/QID178520662\/SelectableChoice\/2","Operator":"Selected","QuestionIDFromLocator":"QID178520662","LeftOperand":"q:\/\/QID178520662\/SelectableChoice\/2","Type":"Expression","Description":"<span class=\"ConjDesc\">If<\/span> <span class=\"QuestionDesc\">Politically speaking, do you consider yourself:<\/span> <span class=\"LeftOpDesc\">A Republican<\/span> <span class=\"OpDesc\">Is Selected<\/span> "},"Type":"If"},"Type":"BooleanExpression","inPage":false},"QuestionText_Unsafe":"Who would you rather see bad things happen to:","QuestionID":"QID178520678"}},{"SurveyID":"SV_cNocVyyfuBe6aI5","Element":"SQ","PrimaryAttribute":"QID178520687","SecondaryAttribute":"Who would you rather see bad things happen to:","TertiaryAttribute":null,"Payload":{"QuestionText":"Who would you rather see bad things happen to:","DataExportTag":"shaden3D","QuestionType":"MC","Selector":"SAVR","SubSelector":"TX","DataVisibility":{"Private":false,"Hidden":false},"Configuration":{"QuestionDescriptionOption":"UseText"},"QuestionDescription":"Who would you rather see bad things happen to:","Choices":{"1":{"Display":"Republican politicians"},"2":{"Display":"Democratic politicians who vote against the party on a key issue"},"3":{"Display":"Neither"}},"DisplayLogic":{"0":{"0":{"LogicType":"Question","QuestionID":"QID178520662","QuestionIsInLoop":"no","ChoiceLocator":"q:\/\/QID178520662\/SelectableChoice\/1","Operator":"Selected","QuestionIDFromLocator":"QID178520662","LeftOperand":"q:\/\/QID178520662\/SelectableChoice\/1","Type":"Expression","Description":"<span class=\"ConjDesc\">If<\/span> <span class=\"QuestionDesc\">Politically speaking, do you consider yourself:<\/span> <span class=\"LeftOpDesc\">A Democrat<\/span> <span class=\"OpDesc\">Is Selected<\/span> "},"Type":"If"},"Type":"BooleanExpression","inPage":false},"ChoiceOrder":[1,2,3],"Validation":{"Settings":{"ForceResponse":"ON","ForceResponseType":"ON","Type":"None"}},"Language":[],"NextChoiceId":4,"NextAnswerId":1,"QuestionText_Unsafe":"Who would you rather see bad things happen to:","QuestionID":"QID178520687"}},{"SurveyID":"SV_cNocVyyfuBe6aI5","Element":"SQ","PrimaryAttribute":"QID178520675","SecondaryAttribute":"Would you say Democrats are a serious thread to the United States and its people, or wouldn't you...","TertiaryAttribute":null,"Payload":{"QuestionText":"Would you say Democrats are a serious thread to the United States and its people, or wouldn't you go that far?","DataExportTag":"disengage1R","QuestionType":"MC","Selector":"SAVR","SubSelector":"TX","Configuration":{"QuestionDescriptionOption":"UseText"},"QuestionDescription":"Would you say Democrats are a serious thread to the United States and its people, or wouldn't you...","Choices":{"1":{"Display":"I would say that"},"2":{"Display":"I would not say that"}},"DisplayLogic":{"0":{"0":{"LogicType":"Question","QuestionID":"QID178520662","QuestionIsInLoop":"no","ChoiceLocator":"q:\/\/QID178520662\/SelectableChoice\/2","Operator":"Selected","QuestionIDFromLocator":"QID178520662","LeftOperand":"q:\/\/QID178520662\/SelectableChoice\/2","Type":"Expression","Description":"<span class=\"ConjDesc\">If<\/span> <span class=\"QuestionDesc\">Politically speaking, do you consider yourself:<\/span> <span class=\"LeftOpDesc\">A Republican<\/span> <span class=\"OpDesc\">Is Selected<\/span> "},"Type":"If"},"Type":"BooleanExpression","inPage":false},"ChoiceOrder":[1,2],"Validation":{"Settings":{"ForceResponse":"ON","ForceResponseType":"ON","Type":"None"}},"Language":[],"NextChoiceId":3,"NextAnswerId":1,"DataVisibility":{"Private":false,"Hidden":false},"QuestionText_Unsafe":"Would you say Democrats are a serious thread to the United States and its people, or wouldn't you go that far?","QuestionID":"QID178520675"}},{"SurveyID":"SV_cNocVyyfuBe6aI5","Element":"SQ","PrimaryAttribute":"QID178520683","SecondaryAttribute":"Would you say Republicans are a serious thread to the United States and its people, or wouldn't y...","TertiaryAttribute":null,"Payload":{"QuestionText":"Would you say Republicans are a serious thread to the United States and its people, or wouldn't you go that far?","DataExportTag":"disengage1D","QuestionType":"MC","Selector":"SAVR","SubSelector":"TX","DataVisibility":{"Private":false,"Hidden":false},"Configuration":{"QuestionDescriptionOption":"UseText"},"QuestionDescription":"Would you say Republicans are a serious thread to the United States and its people, or wouldn't y...","Choices":{"1":{"Display":"I would say that"},"2":{"Display":"I would not say that"}},"DisplayLogic":{"0":{"0":{"LogicType":"Question","QuestionID":"QID178520662","QuestionIsInLoop":"no","ChoiceLocator":"q:\/\/QID178520662\/SelectableChoice\/1","Operator":"Selected","QuestionIDFromLocator":"QID178520662","LeftOperand":"q:\/\/QID178520662\/SelectableChoice\/1","Type":"Expression","Description":"<span class=\"ConjDesc\">If<\/span> <span class=\"QuestionDesc\">Politically speaking, do you consider yourself:<\/span> <span class=\"LeftOpDesc\">A Democrat<\/span> <span class=\"OpDesc\">Is Selected<\/span> "},"Type":"If"},"Type":"BooleanExpression","inPage":false},"ChoiceOrder":[1,2],"Validation":{"Settings":{"ForceResponse":"ON","ForceResponseType":"ON","Type":"None"}},"Language":[],"NextChoiceId":3,"NextAnswerId":1,"QuestionText_Unsafe":"Would you say Republicans are a serious thread to the United States and its people, or wouldn't you go that far?","QuestionID":"QID178520683"}}]}