{"SurveyEntry":{"SurveyID":"SV_d1raAywfpKtZICp","SurveyName":"demos","SurveyDescription":null,"SurveyOwnerID":"UR_9FC9rS48ipNZosl","SurveyBrandID":"yalesurvey","DivisionID":null,"SurveyLanguage":"EN","SurveyActiveResponseSet":"RS_d5uNFbrUQo59Nxr","SurveyStatus":"Active","SurveyStartDate":"0000-00-00 00:00:00","SurveyExpirationDate":"0000-00-00 00:00:00","SurveyCreationDate":"2020-04-20 17:08:46","CreatorID":"UR_9FC9rS48ipNZosl","LastModified":"2020-09-08 08:09:47","LastAccessed":"0000-00-00 00:00:00","LastActivated":"2020-09-04 12:35:00","Deleted":null},"SurveyElements":[{"SurveyID":"SV_d1raAywfpKtZICp","Element":"BL","PrimaryAttribute":"Survey Blocks","SecondaryAttribute":null,"TertiaryAttribute":null,"Payload":{"1":{"Type":"Trash","Description":"Trash \/ Unused Questions","ID":"BL_6Ve4s4QdRniEzTD","BlockElements":[{"Type":"Question","QuestionID":"QID1"},{"Type":"Question","QuestionID":"QID16"},{"Type":"Question","QuestionID":"QID19"},{"Type":"Question","QuestionID":"QID14"},{"Type":"Question","QuestionID":"QID21"}]},"2":{"Type":"Standard","Description":"demos.2020","ID":"BL_74lhQPz9R8a0IQt","BlockElements":[{"Type":"Question","QuestionID":"QID2"},{"Type":"Question","QuestionID":"QID3"},{"Type":"Question","QuestionID":"QID4"},{"Type":"Question","QuestionID":"QID5"},{"Type":"Question","QuestionID":"QID6"},{"Type":"Question","QuestionID":"QID7"},{"Type":"Question","QuestionID":"QID8"},{"Type":"Question","QuestionID":"QID9"},{"Type":"Page Break"},{"Type":"Question","QuestionID":"QID10"},{"Type":"Question","QuestionID":"QID11"},{"Type":"Question","QuestionID":"QID12"},{"Type":"Page Break"},{"Type":"Question","QuestionID":"QID13"},{"Type":"Question","QuestionID":"QID15"},{"Type":"Question","QuestionID":"QID20"},{"Type":"Page Break"},{"Type":"Question","QuestionID":"QID17"},{"Type":"Page Break"},{"Type":"Question","QuestionID":"QID18"},{"Type":"Page Break"}],"Options":{"BlockLocking":false,"RandomizeQuestions":"false","BlockVisibility":"Collapsed"}}}},{"SurveyID":"SV_d1raAywfpKtZICp","Element":"FL","PrimaryAttribute":"Survey Flow","SecondaryAttribute":null,"TertiaryAttribute":null,"Payload":{"Flow":[{"ID":"BL_74lhQPz9R8a0IQt","Type":"Standard","FlowID":"FL_3"}],"Properties":{"Count":3},"FlowID":"FL_1","Type":"Root"}},{"SurveyID":"SV_d1raAywfpKtZICp","Element":"SO","PrimaryAttribute":"Survey Options","SecondaryAttribute":null,"TertiaryAttribute":null,"Payload":{"BackButton":"false","SaveAndContinue":"true","SurveyProtection":"PublicSurvey","BallotBoxStuffingPrevention":"false","NoIndex":"Yes","SecureResponseFiles":"true","SurveyExpiration":"None","SurveyTermination":"DefaultMessage","Header":"","Footer":"","ProgressBarDisplay":"None","PartialData":"+1 week","ValidationMessage":"","PreviousButton":" \u2190 ","NextButton":" \u2192 ","SkinLibrary":"yalesurvey","SkinType":"MQ","Skin":"yalesurvey4_new","NewScoring":1,"ProtectSelectionIds":true,"SurveyName":"demos_us2020","SurveyTitle":"Online Survey Software | Qualtrics Survey Solutions"}},{"SurveyID":"SV_d1raAywfpKtZICp","Element":"SCO","PrimaryAttribute":"Scoring","SecondaryAttribute":null,"TertiaryAttribute":null,"Payload":{"ScoringCategories":[],"ScoringCategoryGroups":[],"ScoringSummaryCategory":null,"ScoringSummaryAfterQuestions":0,"ScoringSummaryAfterSurvey":0,"DefaultScoringCategory":null,"AutoScoringCategory":null}},{"SurveyID":"SV_d1raAywfpKtZICp","Element":"PROJ","PrimaryAttribute":"CORE","SecondaryAttribute":null,"TertiaryAttribute":"1.1.0","Payload":{"ProjectCategory":"CORE","SchemaVersion":"1.1.0"}},{"SurveyID":"SV_d1raAywfpKtZICp","Element":"STAT","PrimaryAttribute":"Survey Statistics","SecondaryAttribute":null,"TertiaryAttribute":null,"Payload":{"MobileCompatible":false,"ID":"Survey Statistics"}},{"SurveyID":"SV_d1raAywfpKtZICp","Element":"QC","PrimaryAttribute":"Survey Question Count","SecondaryAttribute":"21","TertiaryAttribute":null,"Payload":null},{"SurveyID":"SV_d1raAywfpKtZICp","Element":"SQ","PrimaryAttribute":"QID1","SecondaryAttribute":"Click to write the question text","TertiaryAttribute":null,"Payload":{"QuestionText":"Click to write the question text","DataExportTag":"Q1","QuestionType":"MC","Selector":"SAVR","SubSelector":"TX","Configuration":{"QuestionDescriptionOption":"UseText"},"QuestionDescription":"Click to write the question text","Choices":{"1":{"Display":"Click to write Choice 1"},"2":{"Display":"Click to write Choice 2"},"3":{"Display":"Click to write Choice 3"}},"ChoiceOrder":["1","2","3"],"Validation":{"Settings":{"ForceResponse":"OFF","ForceResponseType":"ON","Type":"None"}},"Language":[],"NextChoiceId":4,"NextAnswerId":1,"QuestionID":"QID1"}},{"SurveyID":"SV_d1raAywfpKtZICp","Element":"SQ","PrimaryAttribute":"QID11","SecondaryAttribute":"Click to write the question text","TertiaryAttribute":null,"Payload":{"QuestionText":"Click to write the question text","DefaultChoices":false,"QuestionType":"DB","Selector":"GRB","SubSelector":"WOTXB","Configuration":{"QuestionDescriptionOption":"UseText"},"QuestionDescription":"Click to write the question text","ChoiceOrder":[],"Validation":{"Settings":{"Type":"None"}},"GradingData":[],"Language":[],"Graphics":"IM_4YKU4kr4aelQvd3","GraphicsDescription":"Ladder","QuestionText_Unsafe":"Click to write the question text","DataExportTag":"Q11","QuestionID":"QID11"}},{"SurveyID":"SV_d1raAywfpKtZICp","Element":"SQ","PrimaryAttribute":"QID19","SecondaryAttribute":"Click to write the question text","TertiaryAttribute":null,"Payload":{"QuestionText":"Click to write the question text","DataExportTag":"Q19","QuestionType":"MC","Selector":"SAVR","SubSelector":"TX","Configuration":{"QuestionDescriptionOption":"UseText"},"QuestionDescription":"Click to write the question text","Choices":{"1":{"Display":"Click to write Choice 1"},"2":{"Display":"Click to write Choice 2"},"3":{"Display":"Click to write Choice 3"}},"ChoiceOrder":["1","2","3"],"Validation":{"Settings":{"ForceResponse":"OFF","ForceResponseType":"ON","Type":"None"}},"Language":[],"NextChoiceId":4,"NextAnswerId":1,"QuestionID":"QID19"}},{"SurveyID":"SV_d1raAywfpKtZICp","Element":"SQ","PrimaryAttribute":"QID21","SecondaryAttribute":"Click to write the question text","TertiaryAttribute":null,"Payload":{"QuestionText":"Click to write the question text","DataExportTag":"Q21","QuestionType":"MC","Selector":"SAVR","SubSelector":"TX","Configuration":{"QuestionDescriptionOption":"UseText"},"QuestionDescription":"Click to write the question text","Choices":{"1":{"Display":"Click to write Choice 1"},"2":{"Display":"Click to write Choice 2"},"3":{"Display":"Click to write Choice 3"}},"ChoiceOrder":["1","2","3"],"Validation":{"Settings":{"ForceResponse":"OFF","ForceResponseType":"ON","Type":"None"}},"Language":[],"NextChoiceId":4,"NextAnswerId":1,"QuestionID":"QID21"}},{"SurveyID":"SV_d1raAywfpKtZICp","Element":"RS","PrimaryAttribute":"RS_d5uNFbrUQo59Nxr","SecondaryAttribute":"Default Response Set","TertiaryAttribute":null,"Payload":null},{"SurveyID":"SV_d1raAywfpKtZICp","Element":"SQ","PrimaryAttribute":"QID8","SecondaryAttribute":"Do you have children? If so, how many?","TertiaryAttribute":null,"Payload":{"QuestionText":"<span style=\"font-size:16px;\"><strong>Do you have children? If so, how many?<\/strong><\/span>","DefaultChoices":false,"QuestionType":"MC","Selector":"SAVR","Configuration":{"QuestionDescriptionOption":"UseText","TextPosition":"inline"},"QuestionDescription":"Do you have children? If so, how many?","Choices":{"2":{"Display":"No Children"},"3":{"Display":"1 Child"},"4":{"Display":"2 Children"},"5":{"Display":"3 Children"},"6":{"Display":"4 Children or more"}},"ChoiceOrder":["2","3","4","5","6"],"Validation":{"Settings":{"ForceResponse":"RequestResponse","ForceResponseType":"RequestResponse","Type":"None"}},"GradingData":[],"Language":[],"QuestionText_Unsafe":"<span style=\"font-size:16px;\"><strong>Do you have children? If so, how many?<\/strong><\/span>","RecodeValues":{"2":"0","3":"1","4":"2","5":"3","6":"4"},"DataExportTag":"Q8","QuestionID":"QID8","SubSelector":"TX","DataVisibility":{"Private":false,"Hidden":false},"NextChoiceId":8,"NextAnswerId":1}},{"SurveyID":"SV_d1raAywfpKtZICp","Element":"SQ","PrimaryAttribute":"QID2","SecondaryAttribute":"How are you feeling right now? \u00a0","TertiaryAttribute":null,"Payload":{"QuestionText":"<div><span style=\"font-size:16px;\"><strong>How are you feeling right now?<\/strong><\/span><br \/>\n&nbsp;<\/div>\n\n<div style=\"text-align: center;\"><img src=\"https:\/\/harvard.az1.qualtrics.com\/CP\/Graphic.php?IM=IM_23QxO1WEZ6lUqAB\" style=\"width: 600px; height: 120px;\" \/><\/div>","QuestionType":"MC","Selector":"SAHR","SubSelector":"TX","Configuration":{"QuestionDescriptionOption":"UseText","LabelPosition":"BELOW"},"QuestionDescription":"How are you feeling right now? \u00a0","Choices":{"1":{"Display":"1"},"2":{"Display":"2"},"3":{"Display":"3"},"4":{"Display":"4"},"5":{"Display":"5"},"6":{"Display":"6"}},"ChoiceOrder":[1,2,3,4,5,6],"Validation":{"Settings":{"ForceResponse":"RequestResponse","ForceResponseType":"RequestResponse","Type":"None"}},"Language":[],"QuestionText_Unsafe":"<div><span style=\"font-size:16px;\"><strong>How are you feeling right now?<\/strong><\/span><br \/>\n&nbsp;<\/div>\n\n<div style=\"text-align: center;\"><img src=\"https:\/\/harvard.az1.qualtrics.com\/CP\/Graphic.php?IM=IM_23QxO1WEZ6lUqAB\" style=\"width: 600px; height: 120px;\" \/><\/div>","DataVisibility":{"Private":false,"Hidden":false},"NextChoiceId":7,"NextAnswerId":1,"DataExportTag":"Q2","QuestionID":"QID2"}},{"SurveyID":"SV_d1raAywfpKtZICp","Element":"SQ","PrimaryAttribute":"QID17","SecondaryAttribute":"How religious are you?","TertiaryAttribute":null,"Payload":{"QuestionText":"<div style=\"text-align: justify;\"><span style=\"font-size:16px;\"><strong><span style=\"font-family:arial,helvetica,sans-serif;\">How religious are you?<\/span><\/strong><\/span><\/div>","QuestionType":"MC","Selector":"SAHR","SubSelector":"TX","Configuration":{"QuestionDescriptionOption":"UseText","LabelPosition":"BELOW"},"QuestionDescription":"How religious are you?","Choices":{"1":{"Display":"<nobr>Not at all religious<br>1"},"2":{"Display":"2"},"3":{"Display":"3"},"4":{"Display":"4"},"5":{"Display":"5"},"6":{"Display":"6"},"7":{"Display":"Very Religious<br>7"}},"ChoiceOrder":[1,2,3,4,5,6,7],"Validation":{"Settings":{"ForceResponse":"RequestResponse","ForceResponseType":"RequestResponse","Type":"None"}},"Language":[],"QuestionText_Unsafe":"<div style=\"text-align: justify;\"><span style=\"font-size:16px;\"><strong><span style=\"font-family:arial,helvetica,sans-serif;\">Please rate your own religiosity:<\/span><\/strong><\/span><\/div>","RecodeValues":{"1":1,"2":2,"3":3,"4":4,"5":5,"6":6,"7":7},"DataVisibility":{"Private":false,"Hidden":false},"DataExportTag":"Q17","QuestionID":"QID17","NextChoiceId":8,"NextAnswerId":1}},{"SurveyID":"SV_d1raAywfpKtZICp","Element":"SQ","PrimaryAttribute":"QID16","SecondaryAttribute":"How strongly do you believe in the existence of a God or Gods?","TertiaryAttribute":null,"Payload":{"QuestionText":"<span style=\"font-size:16px;\"><strong>How strongly do you believe in the existence of a God or Gods?<\/strong><\/span>","QuestionType":"MC","Selector":"SAHR","SubSelector":"TX","Configuration":{"QuestionDescriptionOption":"UseText","LabelPosition":"BELOW"},"QuestionDescription":"How strongly do you believe in the existence of a God or Gods?","Choices":{"1":{"Display":"Very little<br>1"},"2":{"Display":"2"},"3":{"Display":"3"},"4":{"Display":"4"},"5":{"Display":"5"},"6":{"Display":"6"},"7":{"Display":"7"},"8":{"Display":"8"},"9":{"Display":"9"},"10":{"Display":"Very much<br>10"}},"ChoiceOrder":["1","2","3","4","5","6","7","8","9","10"],"Validation":{"Settings":{"ForceResponse":"RequestResponse","ForceResponseType":"RequestResponse","Type":"None"}},"Language":[],"QuestionText_Unsafe":"<span style=\"font-size:16px;\"><strong>How strongly do you believe in the existence of a God or Gods?<\/strong><\/span>","DataExportTag":"Q16","QuestionID":"QID16"}},{"SurveyID":"SV_d1raAywfpKtZICp","Element":"SQ","PrimaryAttribute":"QID20","SecondaryAttribute":"In political matters, people talk of \"the left\" and \"the right.\" How would you place your views o...","TertiaryAttribute":null,"Payload":{"QuestionText":"<strong>In political matters, people talk of &quot;the left&quot; and &quot;the right.&quot; How would you place your views on this scale, generally speaking?<\/strong>","DataExportTag":"Q19","QuestionType":"MC","Selector":"SAHR","SubSelector":"TX","DataVisibility":{"Private":false,"Hidden":false},"Configuration":{"QuestionDescriptionOption":"UseText","LabelPosition":"BELOW"},"QuestionDescription":"In political matters, people talk of \"the left\" and \"the right.\" How would you place your views o...","Choices":{"1":{"Display":"Left"},"4":{"Display":"&nbsp;"},"5":{"Display":"&nbsp;"},"6":{"Display":"&nbsp;"},"7":{"Display":"&nbsp;"},"8":{"Display":"&nbsp;"},"9":{"Display":"Right"}},"ChoiceOrder":["1","4","5","6","7","8","9"],"Validation":{"Settings":{"ForceResponse":"RequestResponse","ForceResponseType":"RequestResponse","Type":"None"}},"RecodeValues":{"1":"1","4":"2","5":"3","6":"4","7":"5","8":"6","9":"7"},"Language":[],"NextChoiceId":11,"NextAnswerId":1,"QuestionID":"QID20"}},{"SurveyID":"SV_d1raAywfpKtZICp","Element":"SQ","PrimaryAttribute":"QID6","SecondaryAttribute":"Is English your first language?","TertiaryAttribute":null,"Payload":{"QuestionText":"<span style=\"font-size:16px;\"><strong><span style=\"font-family:arial,helvetica,sans-serif;\">Is English your first language?<\/span><\/strong><\/span>","QuestionType":"MC","Selector":"SAVR","SubSelector":"TX","Configuration":{"QuestionDescriptionOption":"UseText"},"QuestionDescription":"Is English your first language?","Choices":{"1":{"Display":"Yes"},"2":{"Display":"No"}},"ChoiceOrder":[1,2],"Validation":{"Settings":{"ForceResponse":"RequestResponse","ForceResponseType":"RequestResponse","Type":"None"}},"Language":[],"QuestionText_Unsafe":"<span style=\"font-size:16px;\"><strong><span style=\"font-family:arial,helvetica,sans-serif;\">Is English your first language?<\/span><\/strong><\/span>","DataVisibility":{"Private":false,"Hidden":false},"NextChoiceId":3,"NextAnswerId":1,"DataExportTag":"Q6","QuestionID":"QID6","RecodeValues":{"1":"1","2":"0"}}},{"SurveyID":"SV_d1raAywfpKtZICp","Element":"SQ","PrimaryAttribute":"QID15","SecondaryAttribute":"On average, how much time do you spend on social media on a given day?","TertiaryAttribute":null,"Payload":{"QuestionText":"<center><div style=\"text-align: justify;\"><span style=\"font-size:16px;\"><strong><span style=\"font-family:arial,helvetica,sans-serif;\">On average, how much time do you spend on social media on a given day?<\/span><\/strong><\/span><\/div><b><\/b><\/center>","DefaultChoices":false,"QuestionType":"TE","Selector":"FORM","Configuration":{"QuestionDescriptionOption":"UseText"},"QuestionDescription":"On average, how much time do you spend on social media on a given day?","Validation":{"Settings":{"ForceResponse":"RequestResponse","ForceResponseType":"RequestResponse","Type":"None","MinChars":null,"TotalChars":null,"ContentType":null,"ValidDateType":"DateWithFormat","ValidPhoneType":"ValidUSPhone","ValidZipType":"ValidUSZip","ValidNumber":{"Min":"0","Max":"24","NumDecimals":"2"}}},"GradingData":[],"Language":[],"NextChoiceId":5,"NextAnswerId":1,"Choices":{"1":{"Display":"Hours","TextEntryLength":"Short","TextEntryValidation":"ValidNumber","TextEntry":"on"},"4":{"Display":"Minutes","TextEntryLength":"Short","TextEntryValidation":"ValidNumber","TextEntry":"on"}},"ChoiceOrder":["1","4"],"QuestionText_Unsafe":"<center><div style=\"text-align: justify;\"><span style=\"font-size:16px;\"><strong><span style=\"font-family:arial,helvetica,sans-serif;\">On average, how much time do you spend on social media on a given day?<\/span><\/strong><\/span><\/div><b><\/b><\/center>","DataExportTag":"Q15","QuestionID":"QID15"}},{"SurveyID":"SV_d1raAywfpKtZICp","Element":"SQ","PrimaryAttribute":"QID12","SecondaryAttribute":"Please indicate your answer below","TertiaryAttribute":null,"Payload":{"QuestionText":"Please indicate your answer below","DefaultChoices":false,"QuestionType":"MC","Selector":"DL","Configuration":{"QuestionDescriptionOption":"UseText"},"QuestionDescription":"Please indicate your answer below","Choices":{"1":{"Display":"1"},"2":{"Display":"2"},"3":{"Display":"3"},"4":{"Display":"4"},"5":{"Display":"5"},"6":{"Display":"6"},"7":{"Display":"7"},"8":{"Display":"8"},"9":{"Display":"9"},"10":{"Display":"10"}},"ChoiceOrder":["1","2","3","4","5","6","7","8","9","10"],"Validation":{"Settings":{"ForceResponse":"RequestResponse","ForceResponseType":"RequestResponse","Type":"None"}},"GradingData":[],"Language":[],"QuestionText_Unsafe":"Please indicate your answer below","DataExportTag":"Q12","QuestionID":"QID12","DataVisibility":{"Private":false,"Hidden":false},"NextChoiceId":11,"NextAnswerId":1}},{"SurveyID":"SV_d1raAywfpKtZICp","Element":"SQ","PrimaryAttribute":"QID13","SecondaryAttribute":"Some people don't pay much attention to politics. How about you? Would you say that you are:\u00a0","TertiaryAttribute":null,"Payload":{"QuestionText":"<span style=\"font-size:16px;\"><strong>Some people don&#39;t pay much attention to politics. How about you? Would you say that you are:&nbsp;<\/strong><\/span>","DefaultChoices":false,"QuestionType":"MC","Selector":"DL","Configuration":{"QuestionDescriptionOption":"UseText"},"QuestionDescription":"Some people don't pay much attention to politics. How about you? Would you say that you are:\u00a0","Choices":{"1":{"Display":"Not much interested"},"2":{"Display":"Somewhat interested"},"3":{"Display":"Very interested"}},"ChoiceOrder":["1","2","3"],"Validation":{"Settings":{"ForceResponse":"RequestResponse","ForceResponseType":"RequestResponse","Type":"None"}},"GradingData":[],"Language":[],"QuestionText_Unsafe":"<span style=\"font-size:16px;\"><strong>Some people don&#39;t pay much attention to politics. How about you? Would you say that you are:&nbsp;<\/strong><\/span>","DataExportTag":"Q13","QuestionID":"QID13"}},{"SurveyID":"SV_d1raAywfpKtZICp","Element":"SQ","PrimaryAttribute":"QID10","SecondaryAttribute":"What is the approximate total amount of income you earned during the last year?\u00a0","TertiaryAttribute":null,"Payload":{"QuestionText":"<p style=\"text-align: justify;\"><span style=\"font-size:16px;\"><strong>What is the approximate total amount of income you earned during the last year?&nbsp;<\/strong><\/span><o:p><\/o:p><\/p>","DefaultChoices":false,"DataExportTag":"Q10","QuestionID":"QID10","QuestionType":"TE","Selector":"SL","DataVisibility":{"Private":false,"Hidden":false},"Configuration":{"QuestionDescriptionOption":"UseText"},"QuestionDescription":"What is the approximate total amount of income you earned during the last year?\u00a0","Validation":{"Settings":{"ForceResponse":"RequestResponse","ForceResponseType":"RequestResponse","Type":"None"}},"GradingData":[],"Language":[],"NextChoiceId":11,"NextAnswerId":1,"SearchSource":{"AllowFreeResponse":"false"}}},{"SurveyID":"SV_d1raAywfpKtZICp","Element":"SQ","PrimaryAttribute":"QID9","SecondaryAttribute":"What is the highest level of education you have completed?","TertiaryAttribute":null,"Payload":{"QuestionText":"<span style=\"font-size:16px;\"><strong>What is the highest level of education you have completed?<\/strong><\/span>","DefaultChoices":false,"QuestionType":"MC","Selector":"SAVR","SubSelector":"TX","Configuration":{"QuestionDescriptionOption":"UseText"},"QuestionDescription":"What is the highest level of education you have completed?","Choices":{"9":{"Display":"Some primary school"},"10":{"Display":"Completed primary school"},"17":{"Display":"Some secondary school"},"18":{"Display":"Completed secondary school"},"20":{"Display":"Some university"},"21":{"Display":"Completed university"},"22":{"Display":"Some advanced study beyond university"},"23":{"Display":"Advanced degree beyond university"}},"ChoiceOrder":["9","10","17","18","20","21","22","23"],"GradingData":[],"Language":[],"RecodeValues":{"9":"1","10":"2","17":"3","18":"4","20":"5","21":"6","22":"7","23":"8"},"QuestionText_Unsafe":"<span style=\"font-size:16px;\"><strong>What is the highest level of education you have completed?<\/strong><\/span>","QuestionText_Safe":"<span>Highest degree or level of school you have completed:<\/span>","Validation":{"Settings":{"ForceResponse":"RequestResponse","ForceResponseType":"RequestResponse"}},"DataExportTag":"Q9","QuestionID":"QID9","DataVisibility":{"Private":false,"Hidden":false},"NextChoiceId":24,"NextAnswerId":1}},{"SurveyID":"SV_d1raAywfpKtZICp","Element":"SQ","PrimaryAttribute":"QID18","SecondaryAttribute":"What is the LOWEST amount of money you would stop to pick up from the ground?","TertiaryAttribute":null,"Payload":{"QuestionText":"<span style=\"font-size:16px;\"><strong>What is the LOWEST amount of money you would stop to pick up from the ground?<\/strong><\/span>","QuestionType":"MC","Selector":"SAHR","SubSelector":"TX","Configuration":{"QuestionDescriptionOption":"UseText","LabelPosition":"BELOW"},"QuestionDescription":"What is the LOWEST amount of money you would stop to pick up from the ground?","Choices":{"2":{"Display":"1 cent"},"3":{"Display":"5 cents"},"4":{"Display":"10 cents"},"5":{"Display":"20 cents"},"7":{"Display":"50 cents"},"8":{"Display":"$1"},"9":{"Display":"$2"},"10":{"Display":"$5"},"11":{"Display":"$10"},"12":{"Display":"$20"}},"ChoiceOrder":["2","3","4","5","7","8","9","10","11","12"],"Validation":{"Settings":{"ForceResponse":"RequestResponse","ForceResponseType":"RequestResponse","Type":"None"}},"Language":[],"QuestionText_Unsafe":"<span style=\"font-size:16px;\"><strong>What is the LOWEST amount of money you would stop to pick up from the ground?<\/strong><\/span>","DataExportTag":"Q18","QuestionID":"QID18","DataVisibility":{"Private":false,"Hidden":false},"RecodeValues":{"2":".01","3":".05","4":".1","5":".2","7":".5","8":"1","9":"2","10":"5","11":"10","12":"20"},"NextChoiceId":13,"NextAnswerId":1}},{"SurveyID":"SV_d1raAywfpKtZICp","Element":"SQ","PrimaryAttribute":"QID4","SecondaryAttribute":"What is your age?","TertiaryAttribute":null,"Payload":{"QuestionText":"<span style=\"font-size:16px;\"><strong>What is your age?<\/strong><\/span>","DefaultChoices":false,"DataExportTag":"Q4","QuestionID":"QID4","QuestionType":"TE","Selector":"SL","DataVisibility":{"Private":false,"Hidden":false},"Configuration":{"QuestionDescriptionOption":"UseText"},"QuestionDescription":"What is your age?","Validation":{"Settings":{"ForceResponse":"RequestResponse","ForceResponseType":"RequestResponse","Type":"None"}},"GradingData":[],"Language":[],"NextChoiceId":102,"NextAnswerId":1,"SearchSource":{"AllowFreeResponse":"false"}}},{"SurveyID":"SV_d1raAywfpKtZICp","Element":"SQ","PrimaryAttribute":"QID3","SecondaryAttribute":"What is your gender?\u00a0","TertiaryAttribute":null,"Payload":{"QuestionText":"<span style=\"font-size:16px;\"><strong><span style=\"font-family:arial,helvetica,sans-serif;\">What is your gender?&nbsp;<\/span><\/strong><\/span>","DefaultChoices":false,"DataExportTag":"Q3","QuestionID":"QID3","QuestionType":"TE","Selector":"SL","DataVisibility":{"Private":false,"Hidden":false},"Configuration":{"QuestionDescriptionOption":"UseText"},"QuestionDescription":"What is your gender?\u00a0","Validation":{"Settings":{"ForceResponse":"RequestResponse","ForceResponseType":"RequestResponse","Type":"None"}},"GradingData":[],"Language":[],"NextChoiceId":8,"NextAnswerId":1,"SearchSource":{"AllowFreeResponse":"false"}}},{"SurveyID":"SV_d1raAywfpKtZICp","Element":"SQ","PrimaryAttribute":"QID7","SecondaryAttribute":"What is your marital status?","TertiaryAttribute":null,"Payload":{"QuestionText":"<span style=\"font-size:16px;\"><strong>What is your marital status?<\/strong><\/span>","QuestionType":"MC","Selector":"SAVR","SubSelector":"TX","Configuration":{"QuestionDescriptionOption":"UseText"},"QuestionDescription":"What is your marital status?","Choices":{"1":{"Display":"Single"},"2":{"Display":"Married or domestic partnership"},"3":{"Display":"Widowed"},"4":{"Display":"Divorced"},"5":{"Display":"Separated"},"6":{"Display":"Prefer not to say"}},"ChoiceOrder":[1,2,3,4,5,"6"],"Language":[],"QuestionText_Unsafe":"<span style=\"font-size:16px;\"><strong>What is your marital status?<\/strong><\/span>","QuestionText_Safe":"<span>Martial Status:<\/span>","Validation":{"Settings":{"ForceResponse":"RequestResponse","ForceResponseType":"RequestResponse"}},"DataExportTag":"Q7","QuestionID":"QID7","DataVisibility":{"Private":false,"Hidden":false},"NextChoiceId":7,"NextAnswerId":1}},{"SurveyID":"SV_d1raAywfpKtZICp","Element":"SQ","PrimaryAttribute":"QID14","SecondaryAttribute":"When it comes to politics, do you usually think of yourself as liberal, moderate, conservative, o...","TertiaryAttribute":null,"Payload":{"QuestionText":"<div style=\"text-align: justify;\"><span style=\"font-size:16px;\"><strong><span style=\"font-family:arial,helvetica,sans-serif;\">When it comes to politics, do you usually think of yourself as liberal, moderate, conservative, or something else?<\/span><\/strong><\/span><\/div>","DefaultChoices":false,"QuestionType":"MC","Selector":"DL","Configuration":{"QuestionDescriptionOption":"UseText"},"QuestionDescription":"When it comes to politics, do you usually think of yourself as liberal, moderate, conservative, o...","Choices":{"1":{"Display":"Very liberal"},"2":{"Display":"Liberal"},"3":{"Display":"Slightly liberal"},"4":{"Display":"Moderate \/ middle-of-the-road"},"5":{"Display":"Slightly conservative"},"6":{"Display":"Conservative"},"7":{"Display":"Very conservative"},"8":{"Display":"Don't know \/ not political"},"9":{"Display":"Libertarian"},"10":{"Display":"Other"}},"ChoiceOrder":[1,2,3,4,5,6,7,8,9,10],"Validation":{"Settings":{"ForceResponse":"RequestResponse","ForceResponseType":"RequestResponse","Type":"None"}},"GradingData":[],"Language":[],"QuestionText_Unsafe":"<div style=\"text-align: justify;\"><span style=\"font-size:16px;\"><strong><span style=\"font-family:arial,helvetica,sans-serif;\">When it comes to politics, do you usually think of yourself as liberal, moderate, conservative, or something else?<\/span><\/strong><\/span><\/div>","DataVisibility":{"Private":false,"Hidden":false},"NextChoiceId":11,"NextAnswerId":1,"DataExportTag":"Q14","QuestionID":"QID14"}},{"SurveyID":"SV_d1raAywfpKtZICp","Element":"SQ","PrimaryAttribute":"QID5","SecondaryAttribute":"Which categories below describe you? Please select all that apply.","TertiaryAttribute":null,"Payload":{"QuestionText":"<span style=\"font-size: 16px;\"><b>Which categories below describe you? Please select all that apply.<\/b><\/span>","QuestionType":"MC","Selector":"MAVR","SubSelector":"TX","Configuration":{"QuestionDescriptionOption":"UseText"},"QuestionDescription":"Which categories below describe you? Please select all that apply.","Choices":{"2":{"Display":"Hispanic, Latinx, or Spanish origin"},"3":{"Display":"Black or African American"},"4":{"Display":"Asian"},"5":{"Display":"American Indian or Alaska Native"},"6":{"Display":"White"},"7":{"Display":"Middle Eastern or North African"},"8":{"Display":"Native Hawaiian or Other Pacific Islander"},"9":{"Display":"Some other race, ethnicity or origin (please specify)","TextEntry":"true"},"11":{"Display":"Prefer not to say"}},"ChoiceOrder":["6","2","3","4","5","7","8","9","11"],"Validation":{"Settings":{"ForceResponse":"RequestResponse","ForceResponseType":"RequestResponse","Type":"None"}},"Language":[],"QuestionText_Unsafe":"<span style=\"font-size:16px;\"><strong>What is your ethnicity?<\/strong><\/span>","DataVisibility":{"Private":false,"Hidden":false},"NextChoiceId":12,"NextAnswerId":1,"DataExportTag":"Q5","QuestionID":"QID5","RecodeValues":{"2":"2","3":"3","4":"4","5":"5","6":"1","7":"6","8":"7","9":"8","11":"9"}}}]}